// !$*UTF8*$!
{
	archiveVersion = 1;
	classes = {
	};
	objectVersion = 63;
	objects = {

/* Begin PBXBuildFile section */
		0356C22E838247689A8C6792 /* InsightsHeatmapSection.swift in Sources */ = {isa = PBXBuildFile; fileRef = 8A9B0C1D2E3F4A5B6C7D8E9F /* InsightsHeatmapSection.swift */; };
		05358BFB70209254EA33A1D2 /* DreamEntry.swift in Sources */ = {isa = PBXBuildFile; fileRef = EA63262E7068CBD5081F58F5 /* DreamEntry.swift */; };
		12DE67D82F51E7B68B722C32 /* README.md in Resources */ = {isa = PBXBuildFile; fileRef = 62EABE4BE781CC2C4E82A18E /* README.md */; };
		179FD4B77773418D962583E4 /* SymbolHeatmapView.swift in Sources */ = {isa = PBXBuildFile; fileRef = 09F7BB2925C947BB81DBB13E /* SymbolHeatmapView.swift */; };
		1B8B297B979698E24E895008 /* AppEnv.swift in Sources */ = {isa = PBXBuildFile; fileRef = 8CB7A4A2D534E142CE71FDA9 /* AppEnv.swift */; };
		1C2D3E4F5A6B7C8D9E0F1A2C /* ColorTokens.swift in Sources */ = {isa = PBXBuildFile; fileRef = 1C2D3E4F5A6B7C8D9E0F1A2B /* ColorTokens.swift */; };
		1E650A1D4E257F57FAA59640 /* FirebaseFirestore in Frameworks */ = {isa = PBXBuildFile; productRef = 51153838FCC526CD33479F93 /* FirebaseFirestore */; };
		2A3B4C5D6E7F8091A2B3C4D6 /* ThemeService.swift in Sources */ = {isa = PBXBuildFile; fileRef = 2A3B4C5D6E7F8091A2B3C4D5 /* ThemeService.swift */; };
		2E4892FD18196F1649CF8FBD /* SymbolExtractor.swift in Sources */ = {isa = PBXBuildFile; fileRef = 9A47D006D8A8BCC84656501B /* SymbolExtractor.swift */; };
		327B5C8C870C1DC9944FBD66 /* InsightsGate.swift in Sources */ = {isa = PBXBuildFile; fileRef = 66027D041FEEE34D4E8467B0 /* InsightsGate.swift */; };
		337D6CAD85882AFE166049DE /* AppLockService.swift in Sources */ = {isa = PBXBuildFile; fileRef = 21E60B9072239A340ADB490A /* AppLockService.swift */; };
		3BF331AE8B9C4BCB8656FAF5 /* OracleShimmer.swift in Sources */ = {isa = PBXBuildFile; fileRef = EF6A3824F2164F6FB264D1A8 /* OracleShimmer.swift */; };
		415952ABE53F5E81855815E6 /* FirebaseService.swift in Sources */ = {isa = PBXBuildFile; fileRef = 29AE82C180EEBF259A9DD9C2 /* FirebaseService.swift */; };
		440C691717584556AD64B107 /* TodayView.swift in Sources */ = {isa = PBXBuildFile; fileRef = 887E0F168FD8290C58FFDA87 /* TodayView.swift */; };
		4F6543490A8467B3CF905304 /* DreamStore.swift in Sources */ = {isa = PBXBuildFile; fileRef = 06EA441B1A159BD5FE16FD39 /* DreamStore.swift */; };
		5351F603D1A9D1A9D043D15B /* JournalView.swift in Sources */ = {isa = PBXBuildFile; fileRef = 557A8B5B088EEAA529DE7C8E /* JournalView.swift */; };
		598E2B2205BACB28ED393E0D /* IAPIDs.swift in Sources */ = {isa = PBXBuildFile; fileRef = FB853D90E0102838F0F5AF1E /* IAPIDs.swift */; };
		59A59A8E2EC06D1100B6D122 /* QuickReadView.swift in Sources */ = {isa = PBXBuildFile; fileRef = 59A59A8D2EC06D1100B6D122 /* QuickReadView.swift */; };
		59E88E4E2EBAACB900419139 /* FirebaseDatabase in Frameworks */ = {isa = PBXBuildFile; productRef = 59E88E4D2EBAACB900419139 /* FirebaseDatabase */; };
		59E88E512EBAACB900419139 /* FirebaseFunctions in Frameworks */ = {isa = PBXBuildFile; productRef = 59E88E502EBAACB900419139 /* FirebaseFunctions */; };
		59E88E532EBAACB900419139 /* FirebaseStorage in Frameworks */ = {isa = PBXBuildFile; productRef = 59E88E522EBAACB900419139 /* FirebaseStorage */; };
		6060EA136A801F3766631452 /* InsightsView.swift in Sources */ = {isa = PBXBuildFile; fileRef = 4FCD0FAEC6BC42BF47BB7D4E /* InsightsView.swift */; };
		63F8B699D6B846DDA4BFE703 /* AstroGlossary.swift in Sources */ = {isa = PBXBuildFile; fileRef = 1515A3A92841469ABDA4437C /* AstroGlossary.swift */; };
		67A267233C3D270FAF54CC6C /* AuthService.swift in Sources */ = {isa = PBXBuildFile; fileRef = A32ADC0D196DC4835745CE17 /* AuthService.swift */; };
		68575162CA37B1BF0AEAC795 /* RemoteConfigService.swift in Sources */ = {isa = PBXBuildFile; fileRef = B1475F32409336714801E1C1 /* RemoteConfigService.swift */; };
		6A1B2C3D4E5F60718293A4B5 /* BirthDataEditorView.swift in Sources */ = {isa = PBXBuildFile; fileRef = 5F1C2A6D9E5B4C3A8D7E1F20 /* BirthDataEditorView.swift */; };
		744EB922E0A58060B050F457 /* RootRouterView.swift in Sources */ = {isa = PBXBuildFile; fileRef = C48689CF08F88CDAC666943D /* RootRouterView.swift */; };
		7C020F7270A5422ABAB5C5BC /* HoroscopeService.swift in Sources */ = {isa = PBXBuildFile; fileRef = B656ADF20D4B42BAA950219C /* HoroscopeService.swift */; };
		7C350A43F33E40A4BDBAB9C6 /* SymbolSeasonalityDetailView.swift in Sources */ = {isa = PBXBuildFile; fileRef = 1FE5D781995B4B64A55C2638 /* SymbolSeasonalityDetailView.swift */; };
		7D6E8F9A0B1C2D3E4F5A6B7C /* ContentView.swift in Sources */ = {isa = PBXBuildFile; fileRef = C5D6E7F8A9B0C1D2E3F4A5B6 /* ContentView.swift */; };
		7EFD863B0A1BD64765F88AC9 /* TodayViewModel.swift in Sources */ = {isa = PBXBuildFile; fileRef = 4088626376277D9767BB486B /* TodayViewModel.swift */; };
		7F6DF3495A916712E3202551 /* HoroscopeDaily.swift in Sources */ = {isa = PBXBuildFile; fileRef = 0FA95901157E09C41131C675 /* HoroscopeDaily.swift */; };
		8192A3B4C5D6E7F8091A2B3C /* ProfileService.swift in Sources */ = {isa = PBXBuildFile; fileRef = 7D8E9F0A1B2C3D4E5F607182 /* ProfileService.swift */; };
		867F4B148A814CB8CC2017AF /* FirebaseAnalytics in Frameworks */ = {isa = PBXBuildFile; productRef = E005C838A6E21C391E9C7DD7 /* FirebaseAnalytics */; };
		87B2A7A132C35BD6EC8AC881 /* FirebaseAuth in Frameworks */ = {isa = PBXBuildFile; productRef = B1A723C14C3A28AD9A7C5485 /* FirebaseAuth */; };
		9613663DF8226ACB5021994B /* DreamDetailView.swift in Sources */ = {isa = PBXBuildFile; fileRef = DB00E5FC10AF748766B3E08D /* DreamDetailView.swift */; };
		98898BF1CB85450DAFE7A46F /* AstroIconButton.swift in Sources */ = {isa = PBXBuildFile; fileRef = 2AC6D9ACE1E74875B39A642C /* AstroIconButton.swift */; };
		9B19CF277A18B7E6C07E7DCA /* NotificationService.swift in Sources */ = {isa = PBXBuildFile; fileRef = D37481319B28DC7E1F017B47 /* NotificationService.swift */; };
		9BD282320C85AF5D1C35A3B0 /* ProfileView.swift in Sources */ = {isa = PBXBuildFile; fileRef = 54C317807AF15F0F8C17F06F /* ProfileView.swift */; };
		9C33E5ABEFF33AB3131490D0 /* Theme.swift in Sources */ = {isa = PBXBuildFile; fileRef = 738C88E69026F7ECD6BAAAA1 /* Theme.swift */; };
		A1B2C3D4E5F6A7B8C9D0E1 /* OracleGate.swift in Sources */ = {isa = PBXBuildFile; fileRef = B2C3D4E5F6A7B8C9D0E1F2 /* OracleGate.swift */; };
		A1B2C3D4E5F6A7B8C9D0E1F2 /* TodayPlanetStrip.swift in Sources */ = {isa = PBXBuildFile; fileRef = B2C3D4E5F6A7B8C9D0E1F2A3 /* TodayPlanetStrip.swift */; };
		A1D2C3B4E5F6071890ABCDE2 /* RecordDreamIntent.swift in Sources */ = {isa = PBXBuildFile; fileRef = A1D2C3B4E5F6071890ABCDE1 /* RecordDreamIntent.swift */; };
		A4A5C4DF0140CC9F30F80CEE /* OnboardingFlow.swift in Sources */ = {isa = PBXBuildFile; fileRef = F6708ADB7D0E1E21AA637735 /* OnboardingFlow.swift */; };
		A7C2CB8E0C0F6F87B989947B /* PushService.swift in Sources */ = {isa = PBXBuildFile; fileRef = 529E8FF6611032F53F615B44 /* PushService.swift */; };
		A8B9C0D1E2F3A4B5C6D7E8F9 /* InterpretButtonGate.swift in Sources */ = {isa = PBXBuildFile; fileRef = 1165398E7CDC47C0A84E0C2F /* InterpretButtonGate.swift */; };
		B1C2D3E4F5061728394A5B6E /* QuickCaptureBridge.swift in Sources */ = {isa = PBXBuildFile; fileRef = B1C2D3E4F5061728394A5B6D /* QuickCaptureBridge.swift */; };
		B32232A9AE9899A04406063A /* OracleService.swift in Sources */ = {isa = PBXBuildFile; fileRef = E07790A9FE0B47C5A4AA6466 /* OracleService.swift */; };
		B5C6D7E8F9A0B1C2D3E4F5A6 /* OracleChatService.swift in Sources */ = {isa = PBXBuildFile; fileRef = C7D8E9F0A1B2C3D4E5F6A7 /* OracleChatService.swift */; };
		B9546E7F8E9BC63A4D23D07E /* DreamlineApp.swift in Sources */ = {isa = PBXBuildFile; fileRef = D41E3AE5D7CD6A912C26DB35 /* DreamlineApp.swift */; };
		B9C0D1E2F3A4B5C6D7E8F9A0 /* InterpretCoordinator.swift in Sources */ = {isa = PBXBuildFile; fileRef = 9934AADD3F194A7F9BE7D498 /* InterpretCoordinator.swift */; };
		C34E429FAC9F6EAB6D60ED32 /* PaywallView.swift in Sources */ = {isa = PBXBuildFile; fileRef = A824CEB8FB20614385EAADE7 /* PaywallView.swift */; };
		C3D4E5F6A7B8C9D0E1F2A3 /* TodayRangeView.swift in Sources */ = {isa = PBXBuildFile; fileRef = D4E5F6A7B8C9D0E1F2A3B4 /* TodayRangeView.swift */; };
		C3D4E5F6A7B8C9D0E1F2A3B4 /* AstroAssetsExistTests.swift in Sources */ = {isa = PBXBuildFile; fileRef = D4E5F6A7B8C9D0E1F2A3B4C5 /* AstroAssetsExistTests.swift */; };
		C5F1A2B3C4D5E6F708192A3B /* UsageService.swift in Sources */ = {isa = PBXBuildFile; fileRef = E5F6A7B8C9D0E1F203040506 /* UsageService.swift */; };
		C7502F15DA5B50EA5B2EF99F /* EntitlementsService.swift in Sources */ = {isa = PBXBuildFile; fileRef = 7B078092D64F5C5D7AC7B6C1 /* EntitlementsService.swift */; };
		CFB5A5DB5C2A07D05E16FF9A /* FirebaseRemoteConfig in Frameworks */ = {isa = PBXBuildFile; productRef = 8C558025F22C54B074C96872 /* FirebaseRemoteConfig */; };
		D145E9E89BAA769CC8043270 /* TranscriptionService.swift in Sources */ = {isa = PBXBuildFile; fileRef = FB56FE877C53F1EF21E3E0E1 /* TranscriptionService.swift */; };
		D1C283A61F7B4511AE9A0B8B /* HoroscopeRange.swift in Sources */ = {isa = PBXBuildFile; fileRef = 7AB2AB61C6DC42D59A28AD4F /* HoroscopeRange.swift */; };
		D22FA482FC054E709A328C1C /* TodayStructuredView.swift in Sources */ = {isa = PBXBuildFile; fileRef = EC556767D898403DBE7033EF /* TodayStructuredView.swift */; };
		DB33F80575DB1EBAFD287189 /* StoreKitLayer.swift in Sources */ = {isa = PBXBuildFile; fileRef = 01DB66BC88E5AB7C6AB8D3CC /* StoreKitLayer.swift */; };
		E8F9A0B1C2D3E4F5A6B7C8 /* TodayRangeViewModel.swift in Sources */ = {isa = PBXBuildFile; fileRef = F9A0B1C2D3E4F5A6B7C8D9 /* TodayRangeViewModel.swift */; };
		EE532EF1CD26802316CF2437 /* DeepReadGenerator.swift in Sources */ = {isa = PBXBuildFile; fileRef = F364B5B852252478A372AFBD /* DeepReadGenerator.swift */; };
		F0D7E430B94E4AB0881BBACB /* OracleChatView.swift in Sources */ = {isa = PBXBuildFile; fileRef = 2636DA5396634B318F6D4070 /* OracleChatView.swift */; };
		F2E925FEDEB07CA9DCF0B298 /* FirebaseMessaging in Frameworks */ = {isa = PBXBuildFile; productRef = 2A27E80C677EC938346E464A /* FirebaseMessaging */; };
		F31A57DEC339F24A7B09166B /* OracleSchemaTests.swift in Sources */ = {isa = PBXBuildFile; fileRef = D006DB938F0A71062F6DFB24 /* OracleSchemaTests.swift */; };
		F38DC86033BA4FCD86BB36ED /* AstroCatalog.swift in Sources */ = {isa = PBXBuildFile; fileRef = 3EEB1162D6324A64AF70A76A /* AstroCatalog.swift */; };
		F6C5D1BFBF4345DEAAA010EE /* HoroscopeStructured.swift in Sources */ = {isa = PBXBuildFile; fileRef = F24001C776294FDEA3E9F18C /* HoroscopeStructured.swift */; };
		F8E9A0B1C2D3E4F5A6B7C8 /* HistoryService.swift in Sources */ = {isa = PBXBuildFile; fileRef = D9E0A1B2C3D4E5F6A7B8C9 /* HistoryService.swift */; };
		FA3C2E1D0B5A4987C6D5E4F4 /* VoiceRecorderService.swift in Sources */ = {isa = PBXBuildFile; fileRef = FA3C2E1D0B5A4987C6D5E4F3 /* VoiceRecorderService.swift */; };
		FC4B07B8F8849A5064DDA29A /* AstroService.swift in Sources */ = {isa = PBXBuildFile; fileRef = 9BFA543F810B15B3F844BCE2 /* AstroService.swift */; };
		FE2C2A1B9D4E8F7C0A1B2C3D /* GoogleService-Info.plist in Resources */ = {isa = PBXBuildFile; fileRef = FE2C2A1B9D4E8F7C0A1B2C3E /* GoogleService-Info.plist */; };
		FE8A4D12C3B74E6B9123A4F1 /* AppDelegate.swift in Sources */ = {isa = PBXBuildFile; fileRef = FE8A4D11C3B74E6B9123A4F1 /* AppDelegate.swift */; };
		AA11BB22CC33DD44EE55FF67 /* Assets.xcassets in Resources */ = {isa = PBXBuildFile; fileRef = AA11BB22CC33DD44EE55FF66 /* Assets.xcassets */; };
		2B87B806EE2BA009E41BE8BB /* YourDayHeroCard.swift in Sources */ = {isa = PBXBuildFile; fileRef = 8F7E23320710CB8055B0D2BC /* YourDayHeroCard.swift */; };
		C41DEAFF134CA4EF875FC00B /* LifeAreaRow.swift in Sources */ = {isa = PBXBuildFile; fileRef = 87A30E282B561BB8F3978B5E /* LifeAreaRow.swift */; };
		07D51EB9C00681AFE2CC3AB8 /* LifeAreaDetailView.swift in Sources */ = {isa = PBXBuildFile; fileRef = E7EF5EFF8F56843C90D5B30F /* LifeAreaDetailView.swift */; };
		FC27ACFC690E7D099C256E60 /* AccuracyFeedbackView.swift in Sources */ = {isa = PBXBuildFile; fileRef = 23A65F19103A322D2C71A7A7 /* AccuracyFeedbackView.swift */; };
		D0D4EAFB01D01538ED944F62 /* BehindThisForecastView.swift in Sources */ = {isa = PBXBuildFile; fileRef = E9A95F12C96DC2118A759BC4 /* BehindThisForecastView.swift */; };
		04219AF072BF998396652256 /* SeasonalContentView.swift in Sources */ = {isa = PBXBuildFile; fileRef = 28AA871DBEC8DB1DC21A3915 /* SeasonalContentView.swift */; };
		25F228F1F6F0D665BF538DFD /* BestDaysView.swift in Sources */ = {isa = PBXBuildFile; fileRef = 9A425673EDB8D198027AE536 /* BestDaysView.swift */; };
		52071A0428BD20ACC91AED22 /* TransitDiagramView.swift in Sources */ = {isa = PBXBuildFile; fileRef = 83E385305475CD9F114189F1 /* TransitDiagramView.swift */; };
		198027435449AF2A573DE445 /* ZodiacSign.swift in Sources */ = {isa = PBXBuildFile; fileRef = 9789774599380EF25E7912CB /* ZodiacSign.swift */; };
		5F752D50988D6120C44EC791 /* DreamPattern.swift in Sources */ = {isa = PBXBuildFile; fileRef = 3D39390637E58AC71C865BDE /* DreamPattern.swift */; };
		731EF995106402FCD86582DE /* BestDayInfo.swift in Sources */ = {isa = PBXBuildFile; fileRef = 6AD2C9053184B1ED5E8DCC66 /* BestDayInfo.swift */; };
		4988D50C39904842284FC13E /* DreamPatternService.swift in Sources */ = {isa = PBXBuildFile; fileRef = 91EDFDF098441D0E836F6A42 /* DreamPatternService.swift */; };
		6C831F95825F8406A5D53BF5 /* PaywallService.swift in Sources */ = {isa = PBXBuildFile; fileRef = 64F34A8543DD42DAFDFAB93A /* PaywallService.swift */; };
/* End PBXBuildFile section */

/* Begin PBXContainerItemProxy section */
		10135AE035CA07456A45EBD3 /* PBXContainerItemProxy */ = {
			isa = PBXContainerItemProxy;
			containerPortal = A87DDBCBAE6FEAE27E71556D /* Project object */;
			proxyType = 1;
			remoteGlobalIDString = 991281192E7A820C37BEE0F6;
			remoteInfo = Dreamline;
		};
/* End PBXContainerItemProxy section */

/* Begin PBXFileReference section */
		01DB66BC88E5AB7C6AB8D3CC /* StoreKitLayer.swift */ = {isa = PBXFileReference; lastKnownFileType = sourcecode.swift; path = StoreKitLayer.swift; sourceTree = "<group>"; };
		06EA441B1A159BD5FE16FD39 /* DreamStore.swift */ = {isa = PBXFileReference; lastKnownFileType = sourcecode.swift; path = DreamStore.swift; sourceTree = "<group>"; };
		09F7BB2925C947BB81DBB13E /* SymbolHeatmapView.swift */ = {isa = PBXFileReference; lastKnownFileType = sourcecode.swift; path = SymbolHeatmapView.swift; sourceTree = "<group>"; };
		0FA95901157E09C41131C675 /* HoroscopeDaily.swift */ = {isa = PBXFileReference; lastKnownFileType = sourcecode.swift; path = HoroscopeDaily.swift; sourceTree = "<group>"; };
		1165398E7CDC47C0A84E0C2F /* InterpretButtonGate.swift */ = {isa = PBXFileReference; lastKnownFileType = sourcecode.swift; path = InterpretButtonGate.swift; sourceTree = "<group>"; };
		1515A3A92841469ABDA4437C /* AstroGlossary.swift */ = {isa = PBXFileReference; lastKnownFileType = sourcecode.swift; path = AstroGlossary.swift; sourceTree = "<group>"; };
		1C2D3E4F5A6B7C8D9E0F1A2B /* ColorTokens.swift */ = {isa = PBXFileReference; lastKnownFileType = sourcecode.swift; path = ColorTokens.swift; sourceTree = "<group>"; };
		1FE5D781995B4B64A55C2638 /* SymbolSeasonalityDetailView.swift */ = {isa = PBXFileReference; lastKnownFileType = sourcecode.swift; path = SymbolSeasonalityDetailView.swift; sourceTree = "<group>"; };
		21E60B9072239A340ADB490A /* AppLockService.swift */ = {isa = PBXFileReference; lastKnownFileType = sourcecode.swift; path = AppLockService.swift; sourceTree = "<group>"; };
		2636DA5396634B318F6D4070 /* OracleChatView.swift */ = {isa = PBXFileReference; lastKnownFileType = sourcecode.swift; path = OracleChatView.swift; sourceTree = "<group>"; };
		29AE82C180EEBF259A9DD9C2 /* FirebaseService.swift */ = {isa = PBXFileReference; lastKnownFileType = sourcecode.swift; path = FirebaseService.swift; sourceTree = "<group>"; };
		2A3B4C5D6E7F8091A2B3C4D5 /* ThemeService.swift */ = {isa = PBXFileReference; lastKnownFileType = sourcecode.swift; path = ThemeService.swift; sourceTree = "<group>"; };
		2AC6D9ACE1E74875B39A642C /* AstroIconButton.swift */ = {isa = PBXFileReference; lastKnownFileType = sourcecode.swift; path = AstroIconButton.swift; sourceTree = "<group>"; };
		37032F96872F6A7224C4582E /* Dreamline.app */ = {isa = PBXFileReference; explicitFileType = wrapper.application; includeInIndex = 0; path = Dreamline.app; sourceTree = BUILT_PRODUCTS_DIR; };
		3EEB1162D6324A64AF70A76A /* AstroCatalog.swift */ = {isa = PBXFileReference; lastKnownFileType = sourcecode.swift; path = AstroCatalog.swift; sourceTree = "<group>"; };
		4088626376277D9767BB486B /* TodayViewModel.swift */ = {isa = PBXFileReference; lastKnownFileType = sourcecode.swift; path = TodayViewModel.swift; sourceTree = "<group>"; };
		4FCD0FAEC6BC42BF47BB7D4E /* InsightsView.swift */ = {isa = PBXFileReference; lastKnownFileType = sourcecode.swift; path = InsightsView.swift; sourceTree = "<group>"; };
		529E8FF6611032F53F615B44 /* PushService.swift */ = {isa = PBXFileReference; lastKnownFileType = sourcecode.swift; path = PushService.swift; sourceTree = "<group>"; };
		54C317807AF15F0F8C17F06F /* ProfileView.swift */ = {isa = PBXFileReference; lastKnownFileType = sourcecode.swift; path = ProfileView.swift; sourceTree = "<group>"; };
		557A8B5B088EEAA529DE7C8E /* JournalView.swift */ = {isa = PBXFileReference; lastKnownFileType = sourcecode.swift; path = JournalView.swift; sourceTree = "<group>"; };
		59A59A8D2EC06D1100B6D122 /* QuickReadView.swift */ = {isa = PBXFileReference; lastKnownFileType = sourcecode.swift; path = QuickReadView.swift; sourceTree = "<group>"; };
		5F1C2A6D9E5B4C3A8D7E1F20 /* BirthDataEditorView.swift */ = {isa = PBXFileReference; lastKnownFileType = sourcecode.swift; path = BirthDataEditorView.swift; sourceTree = "<group>"; };
		62EABE4BE781CC2C4E82A18E /* README.md */ = {isa = PBXFileReference; lastKnownFileType = net.daringfireball.markdown; path = README.md; sourceTree = "<group>"; };
		66027D041FEEE34D4E8467B0 /* InsightsGate.swift */ = {isa = PBXFileReference; lastKnownFileType = sourcecode.swift; path = InsightsGate.swift; sourceTree = "<group>"; };
		738C88E69026F7ECD6BAAAA1 /* Theme.swift */ = {isa = PBXFileReference; lastKnownFileType = sourcecode.swift; path = Theme.swift; sourceTree = "<group>"; };
		7AB2AB61C6DC42D59A28AD4F /* HoroscopeRange.swift */ = {isa = PBXFileReference; lastKnownFileType = sourcecode.swift; path = HoroscopeRange.swift; sourceTree = "<group>"; };
		7B078092D64F5C5D7AC7B6C1 /* EntitlementsService.swift */ = {isa = PBXFileReference; lastKnownFileType = sourcecode.swift; path = EntitlementsService.swift; sourceTree = "<group>"; };
		7D8E9F0A1B2C3D4E5F607182 /* ProfileService.swift */ = {isa = PBXFileReference; lastKnownFileType = sourcecode.swift; path = ProfileService.swift; sourceTree = "<group>"; };
		887E0F168FD8290C58FFDA87 /* TodayView.swift */ = {isa = PBXFileReference; lastKnownFileType = sourcecode.swift; path = TodayView.swift; sourceTree = "<group>"; };
		8A9B0C1D2E3F4A5B6C7D8E9F /* InsightsHeatmapSection.swift */ = {isa = PBXFileReference; lastKnownFileType = sourcecode.swift; path = InsightsHeatmapSection.swift; sourceTree = "<group>"; };
		8CB7A4A2D534E142CE71FDA9 /* AppEnv.swift */ = {isa = PBXFileReference; lastKnownFileType = sourcecode.swift; path = AppEnv.swift; sourceTree = "<group>"; };
		9934AADD3F194A7F9BE7D498 /* InterpretCoordinator.swift */ = {isa = PBXFileReference; lastKnownFileType = sourcecode.swift; path = InterpretCoordinator.swift; sourceTree = "<group>"; };
		9A47D006D8A8BCC84656501B /* SymbolExtractor.swift */ = {isa = PBXFileReference; lastKnownFileType = sourcecode.swift; path = SymbolExtractor.swift; sourceTree = "<group>"; };
		9BFA543F810B15B3F844BCE2 /* AstroService.swift */ = {isa = PBXFileReference; lastKnownFileType = sourcecode.swift; path = AstroService.swift; sourceTree = "<group>"; };
		9F6438CFC912BED768EC0C9B /* DreamlineTests.xctest */ = {isa = PBXFileReference; explicitFileType = wrapper.cfbundle; includeInIndex = 0; path = DreamlineTests.xctest; sourceTree = BUILT_PRODUCTS_DIR; };
		A1D2C3B4E5F6071890ABCDE1 /* RecordDreamIntent.swift */ = {isa = PBXFileReference; lastKnownFileType = sourcecode.swift; path = RecordDreamIntent.swift; sourceTree = "<group>"; };
		A32ADC0D196DC4835745CE17 /* AuthService.swift */ = {isa = PBXFileReference; lastKnownFileType = sourcecode.swift; path = AuthService.swift; sourceTree = "<group>"; };
		A824CEB8FB20614385EAADE7 /* PaywallView.swift */ = {isa = PBXFileReference; lastKnownFileType = sourcecode.swift; path = PaywallView.swift; sourceTree = "<group>"; };
		B1475F32409336714801E1C1 /* RemoteConfigService.swift */ = {isa = PBXFileReference; lastKnownFileType = sourcecode.swift; path = RemoteConfigService.swift; sourceTree = "<group>"; };
		B1C2D3E4F5061728394A5B6D /* QuickCaptureBridge.swift */ = {isa = PBXFileReference; lastKnownFileType = sourcecode.swift; path = QuickCaptureBridge.swift; sourceTree = "<group>"; };
		B2C3D4E5F6A7B8C9D0E1F2 /* OracleGate.swift */ = {isa = PBXFileReference; lastKnownFileType = sourcecode.swift; path = OracleGate.swift; sourceTree = "<group>"; };
		B2C3D4E5F6A7B8C9D0E1F2A3 /* TodayPlanetStrip.swift */ = {isa = PBXFileReference; lastKnownFileType = sourcecode.swift; path = TodayPlanetStrip.swift; sourceTree = "<group>"; };
		B656ADF20D4B42BAA950219C /* HoroscopeService.swift */ = {isa = PBXFileReference; lastKnownFileType = sourcecode.swift; path = HoroscopeService.swift; sourceTree = "<group>"; };
		C48689CF08F88CDAC666943D /* RootRouterView.swift */ = {isa = PBXFileReference; lastKnownFileType = sourcecode.swift; path = RootRouterView.swift; sourceTree = "<group>"; };
		C5D6E7F8A9B0C1D2E3F4A5B6 /* ContentView.swift */ = {isa = PBXFileReference; lastKnownFileType = sourcecode.swift; path = ContentView.swift; sourceTree = "<group>"; };
		C7D8E9F0A1B2C3D4E5F6A7 /* OracleChatService.swift */ = {isa = PBXFileReference; lastKnownFileType = sourcecode.swift; path = OracleChatService.swift; sourceTree = "<group>"; };
		D006DB938F0A71062F6DFB24 /* OracleSchemaTests.swift */ = {isa = PBXFileReference; lastKnownFileType = sourcecode.swift; path = OracleSchemaTests.swift; sourceTree = "<group>"; };
		D37481319B28DC7E1F017B47 /* NotificationService.swift */ = {isa = PBXFileReference; lastKnownFileType = sourcecode.swift; path = NotificationService.swift; sourceTree = "<group>"; };
		D41E3AE5D7CD6A912C26DB35 /* DreamlineApp.swift */ = {isa = PBXFileReference; lastKnownFileType = sourcecode.swift; path = DreamlineApp.swift; sourceTree = "<group>"; };
		D4E5F6A7B8C9D0E1F2A3B4 /* TodayRangeView.swift */ = {isa = PBXFileReference; lastKnownFileType = sourcecode.swift; path = TodayRangeView.swift; sourceTree = "<group>"; };
		D4E5F6A7B8C9D0E1F2A3B4C5 /* AstroAssetsExistTests.swift */ = {isa = PBXFileReference; lastKnownFileType = sourcecode.swift; path = AstroAssetsExistTests.swift; sourceTree = "<group>"; };
		D9E0A1B2C3D4E5F6A7B8C9 /* HistoryService.swift */ = {isa = PBXFileReference; lastKnownFileType = sourcecode.swift; path = HistoryService.swift; sourceTree = "<group>"; };
		DB00E5FC10AF748766B3E08D /* DreamDetailView.swift */ = {isa = PBXFileReference; lastKnownFileType = sourcecode.swift; path = DreamDetailView.swift; sourceTree = "<group>"; };
		E07790A9FE0B47C5A4AA6466 /* OracleService.swift */ = {isa = PBXFileReference; lastKnownFileType = sourcecode.swift; path = OracleService.swift; sourceTree = "<group>"; };
		E5F6A7B8C9D0E1F203040506 /* UsageService.swift */ = {isa = PBXFileReference; lastKnownFileType = sourcecode.swift; path = UsageService.swift; sourceTree = "<group>"; };
		EA63262E7068CBD5081F58F5 /* DreamEntry.swift */ = {isa = PBXFileReference; lastKnownFileType = sourcecode.swift; path = DreamEntry.swift; sourceTree = "<group>"; };
		EC556767D898403DBE7033EF /* TodayStructuredView.swift */ = {isa = PBXFileReference; lastKnownFileType = sourcecode.swift; path = TodayStructuredView.swift; sourceTree = "<group>"; };
		EF6A3824F2164F6FB264D1A8 /* OracleShimmer.swift */ = {isa = PBXFileReference; lastKnownFileType = sourcecode.swift; path = OracleShimmer.swift; sourceTree = "<group>"; };
		F24001C776294FDEA3E9F18C /* HoroscopeStructured.swift */ = {isa = PBXFileReference; lastKnownFileType = sourcecode.swift; path = HoroscopeStructured.swift; sourceTree = "<group>"; };
		F364B5B852252478A372AFBD /* DeepReadGenerator.swift */ = {isa = PBXFileReference; lastKnownFileType = sourcecode.swift; path = DeepReadGenerator.swift; sourceTree = "<group>"; };
		F6708ADB7D0E1E21AA637735 /* OnboardingFlow.swift */ = {isa = PBXFileReference; lastKnownFileType = sourcecode.swift; path = OnboardingFlow.swift; sourceTree = "<group>"; };
		F9A0B1C2D3E4F5A6B7C8D9 /* TodayRangeViewModel.swift */ = {isa = PBXFileReference; lastKnownFileType = sourcecode.swift; path = TodayRangeViewModel.swift; sourceTree = "<group>"; };
		FA3C2E1D0B5A4987C6D5E4F3 /* VoiceRecorderService.swift */ = {isa = PBXFileReference; lastKnownFileType = sourcecode.swift; path = VoiceRecorderService.swift; sourceTree = "<group>"; };
		FB56FE877C53F1EF21E3E0E1 /* TranscriptionService.swift */ = {isa = PBXFileReference; lastKnownFileType = sourcecode.swift; path = TranscriptionService.swift; sourceTree = "<group>"; };
		FB853D90E0102838F0F5AF1E /* IAPIDs.swift */ = {isa = PBXFileReference; lastKnownFileType = sourcecode.swift; path = IAPIDs.swift; sourceTree = "<group>"; };
		FE2C2A1B9D4E8F7C0A1B2C3E /* GoogleService-Info.plist */ = {isa = PBXFileReference; lastKnownFileType = text.plist.xml; path = "GoogleService-Info.plist"; sourceTree = "<group>"; };
		FE8A4D11C3B74E6B9123A4F1 /* AppDelegate.swift */ = {isa = PBXFileReference; lastKnownFileType = sourcecode.swift; path = AppDelegate.swift; sourceTree = "<group>"; };
		FEA8C576AF8E38D2CBE3A1C6 /* .gitkeep */ = {isa = PBXFileReference; lastKnownFileType = text; path = .gitkeep; sourceTree = "<group>"; };
		AA11BB22CC33DD44EE55FF66 /* Assets.xcassets */ = {isa = PBXFileReference; lastKnownFileType = folder.assetcatalog; path = Assets.xcassets; sourceTree = "<group>"; };
		8F7E23320710CB8055B0D2BC /* YourDayHeroCard.swift */ = {isa = PBXFileReference; lastKnownFileType = sourcecode.swift; path = YourDayHeroCard.swift; sourceTree = "<group>"; };
		87A30E282B561BB8F3978B5E /* LifeAreaRow.swift */ = {isa = PBXFileReference; lastKnownFileType = sourcecode.swift; path = LifeAreaRow.swift; sourceTree = "<group>"; };
		E7EF5EFF8F56843C90D5B30F /* LifeAreaDetailView.swift */ = {isa = PBXFileReference; lastKnownFileType = sourcecode.swift; path = LifeAreaDetailView.swift; sourceTree = "<group>"; };
		23A65F19103A322D2C71A7A7 /* AccuracyFeedbackView.swift */ = {isa = PBXFileReference; lastKnownFileType = sourcecode.swift; path = AccuracyFeedbackView.swift; sourceTree = "<group>"; };
		E9A95F12C96DC2118A759BC4 /* BehindThisForecastView.swift */ = {isa = PBXFileReference; lastKnownFileType = sourcecode.swift; path = BehindThisForecastView.swift; sourceTree = "<group>"; };
		28AA871DBEC8DB1DC21A3915 /* SeasonalContentView.swift */ = {isa = PBXFileReference; lastKnownFileType = sourcecode.swift; path = SeasonalContentView.swift; sourceTree = "<group>"; };
		9A425673EDB8D198027AE536 /* BestDaysView.swift */ = {isa = PBXFileReference; lastKnownFileType = sourcecode.swift; path = BestDaysView.swift; sourceTree = "<group>"; };
		83E385305475CD9F114189F1 /* TransitDiagramView.swift */ = {isa = PBXFileReference; lastKnownFileType = sourcecode.swift; path = TransitDiagramView.swift; sourceTree = "<group>"; };
		9789774599380EF25E7912CB /* ZodiacSign.swift */ = {isa = PBXFileReference; lastKnownFileType = sourcecode.swift; path = ZodiacSign.swift; sourceTree = "<group>"; };
		3D39390637E58AC71C865BDE /* DreamPattern.swift */ = {isa = PBXFileReference; lastKnownFileType = sourcecode.swift; path = DreamPattern.swift; sourceTree = "<group>"; };
		6AD2C9053184B1ED5E8DCC66 /* BestDayInfo.swift */ = {isa = PBXFileReference; lastKnownFileType = sourcecode.swift; path = BestDayInfo.swift; sourceTree = "<group>"; };
		91EDFDF098441D0E836F6A42 /* DreamPatternService.swift */ = {isa = PBXFileReference; lastKnownFileType = sourcecode.swift; path = DreamPatternService.swift; sourceTree = "<group>"; };
		64F34A8543DD42DAFDFAB93A /* PaywallService.swift */ = {isa = PBXFileReference; lastKnownFileType = sourcecode.swift; path = PaywallService.swift; sourceTree = "<group>"; };
/* End PBXFileReference section */

/* Begin PBXFrameworksBuildPhase section */
		A600DA258CF16B9CDDAE20C8 /* Frameworks */ = {
			isa = PBXFrameworksBuildPhase;
			buildActionMask = 2147483647;
			files = (
				59E88E4E2EBAACB900419139 /* FirebaseDatabase in Frameworks */,
				59E88E512EBAACB900419139 /* FirebaseFunctions in Frameworks */,
				87B2A7A132C35BD6EC8AC881 /* FirebaseAuth in Frameworks */,
				1E650A1D4E257F57FAA59640 /* FirebaseFirestore in Frameworks */,
				867F4B148A814CB8CC2017AF /* FirebaseAnalytics in Frameworks */,
				59E88E532EBAACB900419139 /* FirebaseStorage in Frameworks */,
				F2E925FEDEB07CA9DCF0B298 /* FirebaseMessaging in Frameworks */,
				CFB5A5DB5C2A07D05E16FF9A /* FirebaseRemoteConfig in Frameworks */,
			);
			runOnlyForDeploymentPostprocessing = 0;
		};
/* End PBXFrameworksBuildPhase section */

/* Begin PBXGroup section */
		050E32805535E0D53AB4AB3E /* DesignSystem */ = {
			isa = PBXGroup;
			children = (
				1C2D3E4F5A6B7C8D9E0F1A2B /* ColorTokens.swift */,
				738C88E69026F7ECD6BAAAA1 /* Theme.swift */,
				2A3B4C5D6E7F8091A2B3C4D5 /* ThemeService.swift */,
				EF6A3824F2164F6FB264D1A8 /* OracleShimmer.swift */,
			);
			path = DesignSystem;
			sourceTree = "<group>";
		};
		07E839834A3E1D06F9EE98AA /* AI */ = {
			isa = PBXGroup;
			children = (
				E07790A9FE0B47C5A4AA6466 /* OracleService.swift */,
				9A47D006D8A8BCC84656501B /* SymbolExtractor.swift */,
				FB56FE877C53F1EF21E3E0E1 /* TranscriptionService.swift */,
			);
			path = AI;
			sourceTree = "<group>";
		};
		2636DA5396634B318F6D4071 /* OracleChat */ = {
			isa = PBXGroup;
			children = (
				2636DA5396634B318F6D4070 /* OracleChatView.swift */,
			);
			path = OracleChat;
			sourceTree = "<group>";
		};
		2EA254B75EB213169CEFF28E /* Shared */ = {
			isa = PBXGroup;
			children = (
				C48689CF08F88CDAC666943D /* RootRouterView.swift */,
				C5D6E7F8A9B0C1D2E3F4A5B6 /* ContentView.swift */,
				AEE10FA9425E0CBBE2781D53 /* Env */,
				6F5372C9FFEB221E504FB4C1 /* Models */,
			);
			path = Shared;
			sourceTree = "<group>";
		};
		446D930BA0C084218F3CFF70 /* Me */ = {
			isa = PBXGroup;
			children = (
				54C317807AF15F0F8C17F06F /* ProfileView.swift */,
				5F1C2A6D9E5B4C3A8D7E1F20 /* BirthDataEditorView.swift */,
			);
			path = Me;
			sourceTree = "<group>";
		};
		48CAB2EB499E858CB491D9A4 /* Insights */ = {
			isa = PBXGroup;
			children = (
				66027D041FEEE34D4E8467B0 /* InsightsGate.swift */,
				4FCD0FAEC6BC42BF47BB7D4E /* InsightsView.swift */,
				8A9B0C1D2E3F4A5B6C7D8E9F /* InsightsHeatmapSection.swift */,
				09F7BB2925C947BB81DBB13E /* SymbolHeatmapView.swift */,
				1FE5D781995B4B64A55C2638 /* SymbolSeasonalityDetailView.swift */,
			);
			path = Insights;
			sourceTree = "<group>";
		};
		4A5C62B2DF6AF2A8C9074ED6 /* Monetization */ = {
			isa = PBXGroup;
			children = (
				A824CEB8FB20614385EAADE7 /* PaywallView.swift */,
				01DB66BC88E5AB7C6AB8D3CC /* StoreKitLayer.swift */,
			);
			path = Monetization;
			sourceTree = "<group>";
		};
		50A196FF7667C42F51A3D07F /* Products */ = {
			isa = PBXGroup;
			children = (
				37032F96872F6A7224C4582E /* Dreamline.app */,
				9F6438CFC912BED768EC0C9B /* DreamlineTests.xctest */,
			);
			name = Products;
			sourceTree = "<group>";
		};
		50FBA4079D82A1D279C13E77 /* Sources */ = {
			isa = PBXGroup;
			children = (
				62EABE4BE781CC2C4E82A18E /* README.md */,
				C303490D1D7A6FB836D4605E /* App */,
				A1D2C3B4E5F6071890ABCDE0 /* AppIntents */,
				050E32805535E0D53AB4AB3E /* DesignSystem */,
				EB28A3D8397D669CCA5635AE /* Features */,
				4A5C62B2DF6AF2A8C9074ED6 /* Monetization */,
				A6B74643CBB0CF1B78E6D6EA /* Onboarding */,
				B9E9E896B80C9CCE4595418F /* Services */,
				2EA254B75EB213169CEFF28E /* Shared */,
			);
			path = Sources;
			sourceTree = "<group>";
		};
		602002DEC29E94209DFFBC9A /* Firestore */ = {
			isa = PBXGroup;
			children = (
				29AE82C180EEBF259A9DD9C2 /* FirebaseService.swift */,
			);
			path = Firestore;
			sourceTree = "<group>";
		};
		6968DFFB46F180BBCB652E2A /* Astro */ = {
			isa = PBXGroup;
			children = (
				9BFA543F810B15B3F844BCE2 /* AstroService.swift */,
				3EEB1162D6324A64AF70A76A /* AstroCatalog.swift */,
				1515A3A92841469ABDA4437C /* AstroGlossary.swift */,
				2AC6D9ACE1E74875B39A642C /* AstroIconButton.swift */,
			);
			path = Astro;
			sourceTree = "<group>";
		};
		6F5372C9FFEB221E504FB4C1 /* Models */ = {
			isa = PBXGroup;
			children = (
				FEA8C576AF8E38D2CBE3A1C6 /* .gitkeep */,
				EA63262E7068CBD5081F58F5 /* DreamEntry.swift */,
				0FA95901157E09C41131C675 /* HoroscopeDaily.swift */,
				7AB2AB61C6DC42D59A28AD4F /* HoroscopeRange.swift */,
				F24001C776294FDEA3E9F18C /* HoroscopeStructured.swift */,
				9789774599380EF25E7912CB /* ZodiacSign.swift */,
				3D39390637E58AC71C865BDE /* DreamPattern.swift */,
				6AD2C9053184B1ED5E8DCC66 /* BestDayInfo.swift */,
			);
			path = Models;
			sourceTree = "<group>";
		};
		8FC56233D6AEBC1A6948AF4D /* Today */ = {
			isa = PBXGroup;
			children = (
				887E0F168FD8290C58FFDA87 /* TodayView.swift */,
				4088626376277D9767BB486B /* TodayViewModel.swift */,
				B2C3D4E5F6A7B8C9D0E1F2A3 /* TodayPlanetStrip.swift */,
				D4E5F6A7B8C9D0E1F2A3B4 /* TodayRangeView.swift */,
				F9A0B1C2D3E4F5A6B7C8D9 /* TodayRangeViewModel.swift */,
				EC556767D898403DBE7033EF /* TodayStructuredView.swift */,
				8F7E23320710CB8055B0D2BC /* YourDayHeroCard.swift */,
				87A30E282B561BB8F3978B5E /* LifeAreaRow.swift */,
				E7EF5EFF8F56843C90D5B30F /* LifeAreaDetailView.swift */,
				23A65F19103A322D2C71A7A7 /* AccuracyFeedbackView.swift */,
				E9A95F12C96DC2118A759BC4 /* BehindThisForecastView.swift */,
				28AA871DBEC8DB1DC21A3915 /* SeasonalContentView.swift */,
				9A425673EDB8D198027AE536 /* BestDaysView.swift */,
				83E385305475CD9F114189F1 /* TransitDiagramView.swift */,
			);
			path = Today;
			sourceTree = "<group>";
		};
		926477020B5E01FE5D86A190 /* Auth */ = {
			isa = PBXGroup;
			children = (
				A32ADC0D196DC4835745CE17 /* AuthService.swift */,
			);
			path = Auth;
			sourceTree = "<group>";
		};
		92F333FD60DC2E59473BB319 /* Notifications */ = {
			isa = PBXGroup;
			children = (
				529E8FF6611032F53F615B44 /* PushService.swift */,
			);
			path = Notifications;
			sourceTree = "<group>";
		};
		9E88D2A0B156663BC7576BBF /* Billing */ = {
			isa = PBXGroup;
			children = (
				7B078092D64F5C5D7AC7B6C1 /* EntitlementsService.swift */,
			);
			path = Billing;
			sourceTree = "<group>";
		};
		A1D2C3B4E5F6071890ABCDE0 /* AppIntents */ = {
			isa = PBXGroup;
			children = (
				A1D2C3B4E5F6071890ABCDE1 /* RecordDreamIntent.swift */,
			);
			path = AppIntents;
			sourceTree = "<group>";
		};
		A6B74643CBB0CF1B78E6D6EA /* Onboarding */ = {
			isa = PBXGroup;
			children = (
				F6708ADB7D0E1E21AA637735 /* OnboardingFlow.swift */,
			);
			path = Onboarding;
			sourceTree = "<group>";
		};
		AE85689E934517EE1E19725B /* DreamlineTests */ = {
			isa = PBXGroup;
			children = (
				D006DB938F0A71062F6DFB24 /* OracleSchemaTests.swift */,
				D4E5F6A7B8C9D0E1F2A3B4C5 /* AstroAssetsExistTests.swift */,
			);
			path = DreamlineTests;
			sourceTree = "<group>";
		};
		AEE10FA9425E0CBBE2781D53 /* Env */ = {
			isa = PBXGroup;
			children = (
				8CB7A4A2D534E142CE71FDA9 /* AppEnv.swift */,
				FB853D90E0102838F0F5AF1E /* IAPIDs.swift */,
				B1C2D3E4F5061728394A5B6D /* QuickCaptureBridge.swift */,
			);
			path = Env;
			sourceTree = "<group>";
		};
		B43EABC73C08A77BE35AE41C = {
			isa = PBXGroup;
			children = (
				AE85689E934517EE1E19725B /* DreamlineTests */,
				FE2C2A1B9D4E8F7C0A1B2C40 /* Config */,
				DE2CD0D7C57C8DF24A8EFE06 /* Reports */,
				AA11BB22CC33DD44EE55FF77 /* Resources */,
				50FBA4079D82A1D279C13E77 /* Sources */,
				50A196FF7667C42F51A3D07F /* Products */,
			);
			sourceTree = "<group>";
		};
		AA11BB22CC33DD44EE55FF77 /* Resources */ = {
			isa = PBXGroup;
			children = (
				AA11BB22CC33DD44EE55FF66 /* Assets.xcassets */,
			);
			path = Resources;
			sourceTree = "<group>";
		};
		B9E9E896B80C9CCE4595418F /* Services */ = {
			isa = PBXGroup;
			children = (
				21E60B9072239A340ADB490A /* AppLockService.swift */,
				D37481319B28DC7E1F017B47 /* NotificationService.swift */,
				B1475F32409336714801E1C1 /* RemoteConfigService.swift */,
				07E839834A3E1D06F9EE98AA /* AI */,
			FA3C2E1D0B5A4987C6D5E4F2 /* Audio */,
			6968DFFB46F180BBCB652E2A /* Astro */,
			926477020B5E01FE5D86A190 /* Auth */,
			9E88D2A0B156663BC7576BBF /* Billing */,
			602002DEC29E94209DFFBC9A /* Firestore */,
			92F333FD60DC2E59473BB319 /* Notifications */,
			C7D8E9F0A1B2C3D4E5F6A7 /* OracleChatService.swift */,
			D9E0A1B2C3D4E5F6A7B8C9 /* HistoryService.swift */,
			E5F6A7B8C9D0E1F203040506 /* UsageService.swift */,
			B2C3D4E5F6A7B8C9D0E1F2 /* OracleGate.swift */,
			B656ADF20D4B42BAA950219C /* HoroscopeService.swift */,
			7D8E9F0A1B2C3D4E5F607182 /* ProfileService.swift */,
			91EDFDF098441D0E836F6A42 /* DreamPatternService.swift */,
			64F34A8543DD42DAFDFAB93A /* PaywallService.swift */,
		);
		path = Services;
		sourceTree = "<group>";
	};
		C303490D1D7A6FB836D4605E /* App */ = {
			isa = PBXGroup;
			children = (
				FE8A4D11C3B74E6B9123A4F1 /* AppDelegate.swift */,
				D41E3AE5D7CD6A912C26DB35 /* DreamlineApp.swift */,
			);
			path = App;
			sourceTree = "<group>";
		};
		DE2CD0D7C57C8DF24A8EFE06 /* Reports */ = {
			isa = PBXGroup;
			children = (
				F364B5B852252478A372AFBD /* DeepReadGenerator.swift */,
			);
			path = Reports;
			sourceTree = "<group>";
		};
		E960A1607EF8715A6768FDD4 /* Dreams */ = {
			isa = PBXGroup;
			children = (
				59A59A8D2EC06D1100B6D122 /* QuickReadView.swift */,
				DB00E5FC10AF748766B3E08D /* DreamDetailView.swift */,
				1165398E7CDC47C0A84E0C2F /* InterpretButtonGate.swift */,
				9934AADD3F194A7F9BE7D498 /* InterpretCoordinator.swift */,
				06EA441B1A159BD5FE16FD39 /* DreamStore.swift */,
				557A8B5B088EEAA529DE7C8E /* JournalView.swift */,
			);
			path = Dreams;
			sourceTree = "<group>";
		};
		EB28A3D8397D669CCA5635AE /* Features */ = {
			isa = PBXGroup;
			children = (
				E960A1607EF8715A6768FDD4 /* Dreams */,
				48CAB2EB499E858CB491D9A4 /* Insights */,
				446D930BA0C084218F3CFF70 /* Me */,
				2636DA5396634B318F6D4071 /* OracleChat */,
				8FC56233D6AEBC1A6948AF4D /* Today */,
			);
			path = Features;
			sourceTree = "<group>";
		};
		FA3C2E1D0B5A4987C6D5E4F2 /* Audio */ = {
			isa = PBXGroup;
			children = (
				FA3C2E1D0B5A4987C6D5E4F3 /* VoiceRecorderService.swift */,
			);
			path = Audio;
			sourceTree = "<group>";
		};
		FE2C2A1B9D4E8F7C0A1B2C40 /* Config */ = {
			isa = PBXGroup;
			children = (
				FE2C2A1B9D4E8F7C0A1B2C3E /* GoogleService-Info.plist */,
			);
			path = Config;
			sourceTree = "<group>";
		};
/* End PBXGroup section */

/* Begin PBXNativeTarget section */
		991281192E7A820C37BEE0F6 /* Dreamline */ = {
			isa = PBXNativeTarget;
			buildConfigurationList = 643C53B932DECE4FA3CF15C8 /* Build configuration list for PBXNativeTarget "Dreamline" */;
			buildPhases = (
				ECAC0A99918573687DC0713F /* Sources */,
				4FD829AAC38595821CB10002 /* Resources */,
				A600DA258CF16B9CDDAE20C8 /* Frameworks */,
			);
			buildRules = (
			);
			dependencies = (
			);
			name = Dreamline;
			packageProductDependencies = (
				B1A723C14C3A28AD9A7C5485 /* FirebaseAuth */,
				51153838FCC526CD33479F93 /* FirebaseFirestore */,
				E005C838A6E21C391E9C7DD7 /* FirebaseAnalytics */,
				2A27E80C677EC938346E464A /* FirebaseMessaging */,
				8C558025F22C54B074C96872 /* FirebaseRemoteConfig */,
				59E88E4D2EBAACB900419139 /* FirebaseDatabase */,
				59E88E502EBAACB900419139 /* FirebaseFunctions */,
				59E88E522EBAACB900419139 /* FirebaseStorage */,
			);
			productName = Dreamline;
			productReference = 37032F96872F6A7224C4582E /* Dreamline.app */;
			productType = "com.apple.product-type.application";
		};
		B6018F7BCB017443171A0872 /* DreamlineTests */ = {
			isa = PBXNativeTarget;
			buildConfigurationList = F02C314875E60DC7AC9ABC64 /* Build configuration list for PBXNativeTarget "DreamlineTests" */;
			buildPhases = (
				D55383A0287003ACF04CEB20 /* Sources */,
			);
			buildRules = (
			);
			dependencies = (
				29D11981FB8AC259DC66E18D /* PBXTargetDependency */,
			);
			name = DreamlineTests;
			packageProductDependencies = (
				B1A723C14C3A28AD9A7C5485 /* FirebaseAuth */,
				51153838FCC526CD33479F93 /* FirebaseFirestore */,
			);
			productName = DreamlineTests;
			productReference = 9F6438CFC912BED768EC0C9B /* DreamlineTests.xctest */;
			productType = "com.apple.product-type.bundle.unit-test";
		};
/* End PBXNativeTarget section */

/* Begin PBXProject section */
		A87DDBCBAE6FEAE27E71556D /* Project object */ = {
			isa = PBXProject;
			attributes = {
				BuildIndependentTargetsInParallel = YES;
				LastUpgradeCheck = 1640;
			};
			buildConfigurationList = 471AF548D0E2FA166DB0D79B /* Build configuration list for PBXProject "Dreamline" */;
			compatibilityVersion = "Xcode 14.0";
			developmentRegion = en;
			hasScannedForEncodings = 0;
			knownRegions = (
				Base,
				en,
			);
			mainGroup = B43EABC73C08A77BE35AE41C;
			minimizedProjectReferenceProxies = 1;
			packageReferences = (
				30C69CED65BC08B13AD1F6A9 /* XCRemoteSwiftPackageReference "firebase-ios-sdk" */,
			);
			projectDirPath = "";
			projectRoot = "";
			targets = (
				991281192E7A820C37BEE0F6 /* Dreamline */,
				B6018F7BCB017443171A0872 /* DreamlineTests */,
			);
		};
/* End PBXProject section */

/* Begin PBXResourcesBuildPhase section */
		4FD829AAC38595821CB10002 /* Resources */ = {
			isa = PBXResourcesBuildPhase;
			buildActionMask = 2147483647;
			files = (
				12DE67D82F51E7B68B722C32 /* README.md in Resources */,
				FE2C2A1B9D4E8F7C0A1B2C3D /* GoogleService-Info.plist in Resources */,
				AA11BB22CC33DD44EE55FF67 /* Assets.xcassets in Resources */,
			);
			runOnlyForDeploymentPostprocessing = 0;
		};
/* End PBXResourcesBuildPhase section */

/* Begin PBXSourcesBuildPhase section */
		D55383A0287003ACF04CEB20 /* Sources */ = {
			isa = PBXSourcesBuildPhase;
			buildActionMask = 2147483647;
			files = (
				F31A57DEC339F24A7B09166B /* OracleSchemaTests.swift in Sources */,
				C3D4E5F6A7B8C9D0E1F2A3B4 /* AstroAssetsExistTests.swift in Sources */,
			);
			runOnlyForDeploymentPostprocessing = 0;
		};
		ECAC0A99918573687DC0713F /* Sources */ = {
			isa = PBXSourcesBuildPhase;
			buildActionMask = 2147483647;
			files = (
				1B8B297B979698E24E895008 /* AppEnv.swift in Sources */,
				337D6CAD85882AFE166049DE /* AppLockService.swift in Sources */,
				FC4B07B8F8849A5064DDA29A /* AstroService.swift in Sources */,
				F38DC86033BA4FCD86BB36ED /* AstroCatalog.swift in Sources */,
				63F8B699D6B846DDA4BFE703 /* AstroGlossary.swift in Sources */,
				98898BF1CB85450DAFE7A46F /* AstroIconButton.swift in Sources */,
				67A267233C3D270FAF54CC6C /* AuthService.swift in Sources */,
				EE532EF1CD26802316CF2437 /* DeepReadGenerator.swift in Sources */,
				9613663DF8226ACB5021994B /* DreamDetailView.swift in Sources */,
				A8B9C0D1E2F3A4B5C6D7E8F9 /* InterpretButtonGate.swift in Sources */,
				B9C0D1E2F3A4B5C6D7E8F9A0 /* InterpretCoordinator.swift in Sources */,
				05358BFB70209254EA33A1D2 /* DreamEntry.swift in Sources */,
				4F6543490A8467B3CF905304 /* DreamStore.swift in Sources */,
				B9546E7F8E9BC63A4D23D07E /* DreamlineApp.swift in Sources */,
				C7502F15DA5B50EA5B2EF99F /* EntitlementsService.swift in Sources */,
				415952ABE53F5E81855815E6 /* FirebaseService.swift in Sources */,
				7F6DF3495A916712E3202551 /* HoroscopeDaily.swift in Sources */,
				D1C283A61F7B4511AE9A0B8B /* HoroscopeRange.swift in Sources */,
				F6C5D1BFBF4345DEAAA010EE /* HoroscopeStructured.swift in Sources */,
				598E2B2205BACB28ED393E0D /* IAPIDs.swift in Sources */,
				327B5C8C870C1DC9944FBD66 /* InsightsGate.swift in Sources */,
				6060EA136A801F3766631452 /* InsightsView.swift in Sources */,
				0356C22E838247689A8C6792 /* InsightsHeatmapSection.swift in Sources */,
				179FD4B77773418D962583E4 /* SymbolHeatmapView.swift in Sources */,
				7C350A43F33E40A4BDBAB9C6 /* SymbolSeasonalityDetailView.swift in Sources */,
				5351F603D1A9D1A9D043D15B /* JournalView.swift in Sources */,
				F0D7E430B94E4AB0881BBACB /* OracleChatView.swift in Sources */,
				B5C6D7E8F9A0B1C2D3E4F5A6 /* OracleChatService.swift in Sources */,
				F8E9A0B1C2D3E4F5A6B7C8 /* HistoryService.swift in Sources */,
				C5F1A2B3C4D5E6F708192A3B /* UsageService.swift in Sources */,
				59A59A8E2EC06D1100B6D122 /* QuickReadView.swift in Sources */,
				A1B2C3D4E5F6A7B8C9D0E1 /* OracleGate.swift in Sources */,
				7C020F7270A5422ABAB5C5BC /* HoroscopeService.swift in Sources */,
				9B19CF277A18B7E6C07E7DCA /* NotificationService.swift in Sources */,
				A4A5C4DF0140CC9F30F80CEE /* OnboardingFlow.swift in Sources */,
				B32232A9AE9899A04406063A /* OracleService.swift in Sources */,
				C34E429FAC9F6EAB6D60ED32 /* PaywallView.swift in Sources */,
				9BD282320C85AF5D1C35A3B0 /* ProfileView.swift in Sources */,
				6A1B2C3D4E5F60718293A4B5 /* BirthDataEditorView.swift in Sources */,
				A7C2CB8E0C0F6F87B989947B /* PushService.swift in Sources */,
				68575162CA37B1BF0AEAC795 /* RemoteConfigService.swift in Sources */,
				744EB922E0A58060B050F457 /* RootRouterView.swift in Sources */,
				7D6E8F9A0B1C2D3E4F5A6B7C /* ContentView.swift in Sources */,
				DB33F80575DB1EBAFD287189 /* StoreKitLayer.swift in Sources */,
				2E4892FD18196F1649CF8FBD /* SymbolExtractor.swift in Sources */,
				1C2D3E4F5A6B7C8D9E0F1A2C /* ColorTokens.swift in Sources */,
				2A3B4C5D6E7F8091A2B3C4D6 /* ThemeService.swift in Sources */,
				9C33E5ABEFF33AB3131490D0 /* Theme.swift in Sources */,
				3BF331AE8B9C4BCB8656FAF5 /* OracleShimmer.swift in Sources */,
				A1D2C3B4E5F6071890ABCDE2 /* RecordDreamIntent.swift in Sources */,
				B1C2D3E4F5061728394A5B6E /* QuickCaptureBridge.swift in Sources */,
				440C691717584556AD64B107 /* TodayView.swift in Sources */,
				7EFD863B0A1BD64765F88AC9 /* TodayViewModel.swift in Sources */,
				A1B2C3D4E5F6A7B8C9D0E1F2 /* TodayPlanetStrip.swift in Sources */,
				C3D4E5F6A7B8C9D0E1F2A3 /* TodayRangeView.swift in Sources */,
				E8F9A0B1C2D3E4F5A6B7C8 /* TodayRangeViewModel.swift in Sources */,
				D22FA482FC054E709A328C1C /* TodayStructuredView.swift in Sources */,
				2B87B806EE2BA009E41BE8BB /* YourDayHeroCard.swift in Sources */,
				C41DEAFF134CA4EF875FC00B /* LifeAreaRow.swift in Sources */,
				07D51EB9C00681AFE2CC3AB8 /* LifeAreaDetailView.swift in Sources */,
				FC27ACFC690E7D099C256E60 /* AccuracyFeedbackView.swift in Sources */,
				D0D4EAFB01D01538ED944F62 /* BehindThisForecastView.swift in Sources */,
				04219AF072BF998396652256 /* SeasonalContentView.swift in Sources */,
				25F228F1F6F0D665BF538DFD /* BestDaysView.swift in Sources */,
				52071A0428BD20ACC91AED22 /* TransitDiagramView.swift in Sources */,
				198027435449AF2A573DE445 /* ZodiacSign.swift in Sources */,
				5F752D50988D6120C44EC791 /* DreamPattern.swift in Sources */,
				731EF995106402FCD86582DE /* BestDayInfo.swift in Sources */,
				4988D50C39904842284FC13E /* DreamPatternService.swift in Sources */,
				6C831F95825F8406A5D53BF5 /* PaywallService.swift in Sources */,
				D145E9E89BAA769CC8043270 /* TranscriptionService.swift in Sources */,
				FA3C2E1D0B5A4987C6D5E4F4 /* VoiceRecorderService.swift in Sources */,
				8192A3B4C5D6E7F8091A2B3C /* ProfileService.swift in Sources */,
				FE8A4D12C3B74E6B9123A4F1 /* AppDelegate.swift in Sources */,
			);
			runOnlyForDeploymentPostprocessing = 0;
		};
/* End PBXSourcesBuildPhase section */

/* Begin PBXTargetDependency section */
		29D11981FB8AC259DC66E18D /* PBXTargetDependency */ = {
			isa = PBXTargetDependency;
			target = 991281192E7A820C37BEE0F6 /* Dreamline */;
			targetProxy = 10135AE035CA07456A45EBD3 /* PBXContainerItemProxy */;
		};
/* End PBXTargetDependency section */

/* Begin XCBuildConfiguration section */
		613AC8FF3D3CF7A0BA1527EA /* Debug */ = {
			isa = XCBuildConfiguration;
			buildSettings = {
				ASSETCATALOG_COMPILER_APPICON_NAME = AppIcon;
				CODE_SIGN_IDENTITY = "iPhone Developer";
				DEVELOPMENT_TEAM = P3MNVS9Z4U;
				INFOPLIST_FILE = Info.plist;
				IPHONEOS_DEPLOYMENT_TARGET = 17.0;
				LD_RUNPATH_SEARCH_PATHS = (
					"$(inherited)",
					"@executable_path/Frameworks",
				);
				OTHER_SWIFT_FLAGS = "-warnings-as-errors";
				PRODUCT_BUNDLE_IDENTIFIER = com.example.dreamline;
				SDKROOT = iphoneos;
				TARGETED_DEVICE_FAMILY = "1,2";
			};
			name = Debug;
		};
		6F5F156042A4E467EC3F7E6A /* Release */ = {
			isa = XCBuildConfiguration;
			buildSettings = {
				ALWAYS_SEARCH_USER_PATHS = NO;
				CLANG_ANALYZER_NONNULL = YES;
				CLANG_ANALYZER_NUMBER_OBJECT_CONVERSION = YES_AGGRESSIVE;
				CLANG_CXX_LANGUAGE_STANDARD = "gnu++14";
				CLANG_CXX_LIBRARY = "libc++";
				CLANG_ENABLE_MODULES = YES;
				CLANG_ENABLE_OBJC_ARC = YES;
				CLANG_ENABLE_OBJC_WEAK = YES;
				CLANG_WARN_BLOCK_CAPTURE_AUTORELEASING = YES;
				CLANG_WARN_BOOL_CONVERSION = YES;
				CLANG_WARN_COMMA = YES;
				CLANG_WARN_CONSTANT_CONVERSION = YES;
				CLANG_WARN_DEPRECATED_OBJC_IMPLEMENTATIONS = YES;
				CLANG_WARN_DIRECT_OBJC_ISA_USAGE = YES_ERROR;
				CLANG_WARN_DOCUMENTATION_COMMENTS = YES;
				CLANG_WARN_EMPTY_BODY = YES;
				CLANG_WARN_ENUM_CONVERSION = YES;
				CLANG_WARN_INFINITE_RECURSION = YES;
				CLANG_WARN_INT_CONVERSION = YES;
				CLANG_WARN_NON_LITERAL_NULL_CONVERSION = YES;
				CLANG_WARN_OBJC_IMPLICIT_RETAIN_SELF = YES;
				CLANG_WARN_OBJC_LITERAL_CONVERSION = YES;
				CLANG_WARN_OBJC_ROOT_CLASS = YES_ERROR;
				CLANG_WARN_QUOTED_INCLUDE_IN_FRAMEWORK_HEADER = YES;
				CLANG_WARN_RANGE_LOOP_ANALYSIS = YES;
				CLANG_WARN_STRICT_PROTOTYPES = YES;
				CLANG_WARN_SUSPICIOUS_MOVE = YES;
				CLANG_WARN_UNGUARDED_AVAILABILITY = YES_AGGRESSIVE;
				CLANG_WARN_UNREACHABLE_CODE = YES;
				CLANG_WARN__DUPLICATE_METHOD_MATCH = YES;
				COPY_PHASE_STRIP = NO;
				DEBUG_INFORMATION_FORMAT = "dwarf-with-dsym";
				ENABLE_NS_ASSERTIONS = NO;
				ENABLE_STRICT_OBJC_MSGSEND = YES;
				ENABLE_USER_SCRIPT_SANDBOXING = YES;
				GCC_C_LANGUAGE_STANDARD = gnu11;
				GCC_NO_COMMON_BLOCKS = YES;
				GCC_WARN_64_TO_32_BIT_CONVERSION = YES;
				GCC_WARN_ABOUT_RETURN_TYPE = YES_ERROR;
				GCC_WARN_UNDECLARED_SELECTOR = YES;
				GCC_WARN_UNINITIALIZED_AUTOS = YES_AGGRESSIVE;
				GCC_WARN_UNUSED_FUNCTION = YES;
				GCC_WARN_UNUSED_VARIABLE = YES;
				IPHONEOS_DEPLOYMENT_TARGET = 17.0;
				MTL_ENABLE_DEBUG_INFO = NO;
				MTL_FAST_MATH = YES;
				PRODUCT_NAME = "$(TARGET_NAME)";
				SDKROOT = iphoneos;
				SWIFT_COMPILATION_MODE = wholemodule;
				SWIFT_OPTIMIZATION_LEVEL = "-O";
				SWIFT_VERSION = 5.0;
			};
			name = Release;
		};
		6FA72CCCA83FE647AB2D6D4B /* Debug */ = {
			isa = XCBuildConfiguration;
			buildSettings = {
				BUNDLE_LOADER = "$(TEST_HOST)";
				GENERATE_INFOPLIST_FILE = YES;
				INFOPLIST_KEY_CFBundleDisplayName = DreamlineTests;
				INFOPLIST_KEY_CFBundleIdentifier = com.example.dreamline.tests;
				IPHONEOS_DEPLOYMENT_TARGET = 17.0;
				LD_RUNPATH_SEARCH_PATHS = (
					"$(inherited)",
					"@executable_path/Frameworks",
					"@loader_path/Frameworks",
				);
				OTHER_SWIFT_FLAGS = "-warnings-as-errors";
				PRODUCT_BUNDLE_IDENTIFIER = com.example.dreamline.tests;
				SDKROOT = iphoneos;
				TARGETED_DEVICE_FAMILY = "1,2";
				TEST_HOST = "$(BUILT_PRODUCTS_DIR)/Dreamline.app/Dreamline";
			};
			name = Debug;
		};
		7A8AD6CA8D320AF3DE304FED /* Release */ = {
			isa = XCBuildConfiguration;
			buildSettings = {
				ASSETCATALOG_COMPILER_APPICON_NAME = AppIcon;
				CODE_SIGN_IDENTITY = "iPhone Developer";
				INFOPLIST_FILE = Info.plist;
				IPHONEOS_DEPLOYMENT_TARGET = 17.0;
				LD_RUNPATH_SEARCH_PATHS = (
					"$(inherited)",
					"@executable_path/Frameworks",
				);
				OTHER_SWIFT_FLAGS = "-warnings-as-errors";
				PRODUCT_BUNDLE_IDENTIFIER = com.example.dreamline;
				SDKROOT = iphoneos;
				TARGETED_DEVICE_FAMILY = "1,2";
			};
			name = Release;
		};
		9BAC17F8EFBE0B4E965D0A3F /* Debug */ = {
			isa = XCBuildConfiguration;
			buildSettings = {
				ALWAYS_SEARCH_USER_PATHS = NO;
				CLANG_ANALYZER_NONNULL = YES;
				CLANG_ANALYZER_NUMBER_OBJECT_CONVERSION = YES_AGGRESSIVE;
				CLANG_CXX_LANGUAGE_STANDARD = "gnu++14";
				CLANG_CXX_LIBRARY = "libc++";
				CLANG_ENABLE_MODULES = YES;
				CLANG_ENABLE_OBJC_ARC = YES;
				CLANG_ENABLE_OBJC_WEAK = YES;
				CLANG_WARN_BLOCK_CAPTURE_AUTORELEASING = YES;
				CLANG_WARN_BOOL_CONVERSION = YES;
				CLANG_WARN_COMMA = YES;
				CLANG_WARN_CONSTANT_CONVERSION = YES;
				CLANG_WARN_DEPRECATED_OBJC_IMPLEMENTATIONS = YES;
				CLANG_WARN_DIRECT_OBJC_ISA_USAGE = YES_ERROR;
				CLANG_WARN_DOCUMENTATION_COMMENTS = YES;
				CLANG_WARN_EMPTY_BODY = YES;
				CLANG_WARN_ENUM_CONVERSION = YES;
				CLANG_WARN_INFINITE_RECURSION = YES;
				CLANG_WARN_INT_CONVERSION = YES;
				CLANG_WARN_NON_LITERAL_NULL_CONVERSION = YES;
				CLANG_WARN_OBJC_IMPLICIT_RETAIN_SELF = YES;
				CLANG_WARN_OBJC_LITERAL_CONVERSION = YES;
				CLANG_WARN_OBJC_ROOT_CLASS = YES_ERROR;
				CLANG_WARN_QUOTED_INCLUDE_IN_FRAMEWORK_HEADER = YES;
				CLANG_WARN_RANGE_LOOP_ANALYSIS = YES;
				CLANG_WARN_STRICT_PROTOTYPES = YES;
				CLANG_WARN_SUSPICIOUS_MOVE = YES;
				CLANG_WARN_UNGUARDED_AVAILABILITY = YES_AGGRESSIVE;
				CLANG_WARN_UNREACHABLE_CODE = YES;
				CLANG_WARN__DUPLICATE_METHOD_MATCH = YES;
				COPY_PHASE_STRIP = NO;
				DEBUG_INFORMATION_FORMAT = dwarf;
				ENABLE_STRICT_OBJC_MSGSEND = YES;
				ENABLE_TESTABILITY = YES;
				ENABLE_USER_SCRIPT_SANDBOXING = YES;
				GCC_C_LANGUAGE_STANDARD = gnu11;
				GCC_DYNAMIC_NO_PIC = NO;
				GCC_NO_COMMON_BLOCKS = YES;
				GCC_OPTIMIZATION_LEVEL = 0;
				GCC_PREPROCESSOR_DEFINITIONS = (
					"$(inherited)",
					"DEBUG=1",
				);
				GCC_WARN_64_TO_32_BIT_CONVERSION = YES;
				GCC_WARN_ABOUT_RETURN_TYPE = YES_ERROR;
				GCC_WARN_UNDECLARED_SELECTOR = YES;
				GCC_WARN_UNINITIALIZED_AUTOS = YES_AGGRESSIVE;
				GCC_WARN_UNUSED_FUNCTION = YES;
				GCC_WARN_UNUSED_VARIABLE = YES;
				IPHONEOS_DEPLOYMENT_TARGET = 17.0;
				MTL_ENABLE_DEBUG_INFO = INCLUDE_SOURCE;
				MTL_FAST_MATH = YES;
				ONLY_ACTIVE_ARCH = YES;
				PRODUCT_NAME = "$(TARGET_NAME)";
				SDKROOT = iphoneos;
				SWIFT_ACTIVE_COMPILATION_CONDITIONS = DEBUG;
				SWIFT_OPTIMIZATION_LEVEL = "-Onone";
				SWIFT_VERSION = 5.0;
			};
			name = Debug;
		};
		B62E836A8B0DFC792C7A37D0 /* Release */ = {
			isa = XCBuildConfiguration;
			buildSettings = {
				BUNDLE_LOADER = "$(TEST_HOST)";
				GENERATE_INFOPLIST_FILE = YES;
				INFOPLIST_KEY_CFBundleDisplayName = DreamlineTests;
				INFOPLIST_KEY_CFBundleIdentifier = com.example.dreamline.tests;
				IPHONEOS_DEPLOYMENT_TARGET = 17.0;
				LD_RUNPATH_SEARCH_PATHS = (
					"$(inherited)",
					"@executable_path/Frameworks",
					"@loader_path/Frameworks",
				);
				OTHER_SWIFT_FLAGS = "-warnings-as-errors";
				PRODUCT_BUNDLE_IDENTIFIER = com.example.dreamline.tests;
				SDKROOT = iphoneos;
				TARGETED_DEVICE_FAMILY = "1,2";
				TEST_HOST = "$(BUILT_PRODUCTS_DIR)/Dreamline.app/Dreamline";
			};
			name = Release;
		};
/* End XCBuildConfiguration section */

/* Begin XCConfigurationList section */
		471AF548D0E2FA166DB0D79B /* Build configuration list for PBXProject "Dreamline" */ = {
			isa = XCConfigurationList;
			buildConfigurations = (
				9BAC17F8EFBE0B4E965D0A3F /* Debug */,
				6F5F156042A4E467EC3F7E6A /* Release */,
			);
			defaultConfigurationIsVisible = 0;
			defaultConfigurationName = Debug;
		};
		643C53B932DECE4FA3CF15C8 /* Build configuration list for PBXNativeTarget "Dreamline" */ = {
			isa = XCConfigurationList;
			buildConfigurations = (
				613AC8FF3D3CF7A0BA1527EA /* Debug */,
				7A8AD6CA8D320AF3DE304FED /* Release */,
			);
			defaultConfigurationIsVisible = 0;
			defaultConfigurationName = Debug;
		};
		F02C314875E60DC7AC9ABC64 /* Build configuration list for PBXNativeTarget "DreamlineTests" */ = {
			isa = XCConfigurationList;
			buildConfigurations = (
				6FA72CCCA83FE647AB2D6D4B /* Debug */,
				B62E836A8B0DFC792C7A37D0 /* Release */,
			);
			defaultConfigurationIsVisible = 0;
			defaultConfigurationName = Debug;
		};
/* End XCConfigurationList section */

/* Begin XCRemoteSwiftPackageReference section */
		30C69CED65BC08B13AD1F6A9 /* XCRemoteSwiftPackageReference "firebase-ios-sdk" */ = {
			isa = XCRemoteSwiftPackageReference;
			repositoryURL = "https://github.com/firebase/firebase-ios-sdk";
			requirement = {
				kind = upToNextMajorVersion;
				minimumVersion = 11.0.0;
			};
		};
/* End XCRemoteSwiftPackageReference section */

/* Begin XCSwiftPackageProductDependency section */
		2A27E80C677EC938346E464A /* FirebaseMessaging */ = {
			isa = XCSwiftPackageProductDependency;
			package = 30C69CED65BC08B13AD1F6A9 /* XCRemoteSwiftPackageReference "firebase-ios-sdk" */;
			productName = FirebaseMessaging;
		};
		51153838FCC526CD33479F93 /* FirebaseFirestore */ = {
			isa = XCSwiftPackageProductDependency;
			package = 30C69CED65BC08B13AD1F6A9 /* XCRemoteSwiftPackageReference "firebase-ios-sdk" */;
			productName = FirebaseFirestore;
		};
		59E88E4D2EBAACB900419139 /* FirebaseDatabase */ = {
			isa = XCSwiftPackageProductDependency;
			package = 30C69CED65BC08B13AD1F6A9 /* XCRemoteSwiftPackageReference "firebase-ios-sdk" */;
			productName = FirebaseDatabase;
		};
		59E88E502EBAACB900419139 /* FirebaseFunctions */ = {
			isa = XCSwiftPackageProductDependency;
			package = 30C69CED65BC08B13AD1F6A9 /* XCRemoteSwiftPackageReference "firebase-ios-sdk" */;
			productName = FirebaseFunctions;
		};
		59E88E522EBAACB900419139 /* FirebaseStorage */ = {
			isa = XCSwiftPackageProductDependency;
			package = 30C69CED65BC08B13AD1F6A9 /* XCRemoteSwiftPackageReference "firebase-ios-sdk" */;
			productName = FirebaseStorage;
		};
		8C558025F22C54B074C96872 /* FirebaseRemoteConfig */ = {
			isa = XCSwiftPackageProductDependency;
			package = 30C69CED65BC08B13AD1F6A9 /* XCRemoteSwiftPackageReference "firebase-ios-sdk" */;
			productName = FirebaseRemoteConfig;
		};
		B1A723C14C3A28AD9A7C5485 /* FirebaseAuth */ = {
			isa = XCSwiftPackageProductDependency;
			package = 30C69CED65BC08B13AD1F6A9 /* XCRemoteSwiftPackageReference "firebase-ios-sdk" */;
			productName = FirebaseAuth;
		};
		E005C838A6E21C391E9C7DD7 /* FirebaseAnalytics */ = {
			isa = XCSwiftPackageProductDependency;
			package = 30C69CED65BC08B13AD1F6A9 /* XCRemoteSwiftPackageReference "firebase-ios-sdk" */;
			productName = FirebaseAnalytics;
		};
/* End XCSwiftPackageProductDependency section */
	};
	rootObject = A87DDBCBAE6FEAE27E71556D /* Project object */;
}
