// !$*UTF8*$!
{
	archiveVersion = 1;
	classes = {
	};
	objectVersion = 63;
	objects = {

/* Begin PBXBuildFile section */
		012632559963C037148DFB2B /* AstroGlossary.swift in Sources */ = {isa = PBXBuildFile; fileRef = 723E6A52D7B333E782EE0FF6 /* AstroGlossary.swift */; };
		019DC1D0112593671123622B /* ResonanceConfig.swift in Sources */ = {isa = PBXBuildFile; fileRef = 089F554B62948C7C5D21CA1A /* ResonanceConfig.swift */; };
		05358BFB70209254EA33A1D2 /* DreamEntry.swift in Sources */ = {isa = PBXBuildFile; fileRef = EA63262E7068CBD5081F58F5 /* DreamEntry.swift */; };
		05421E04D4B9E952D95139AE /* TodayPlanetStrip.swift in Sources */ = {isa = PBXBuildFile; fileRef = 3632BF117D79CF0FF54C0044 /* TodayPlanetStrip.swift */; };
		09DAAF3CDE47C0C7EA39B1DC /* Animations.swift in Sources */ = {isa = PBXBuildFile; fileRef = 2B801626EA2D4D15B0A98D01 /* Animations.swift */; };
		0A97B7395CE8094FCFD53F07 /* ConstellationPreview.swift in Sources */ = {isa = PBXBuildFile; fileRef = 28C6E640392CFD0784669257 /* ConstellationPreview.swift */; };
		0AC0536EC58E209CCD2060CD /* DreamDetailExtras.swift in Sources */ = {isa = PBXBuildFile; fileRef = 3ADCF73542DD9467DD55D017 /* DreamDetailExtras.swift */; };
		0FDCAB533A4EE7EF0AB96EBF /* HoroscopeStructured.swift in Sources */ = {isa = PBXBuildFile; fileRef = 98DB3993C0CF6140C24B7388 /* HoroscopeStructured.swift */; };
		111D26C4F5D40B93107B6AA4 /* SymbolExtractorTests.swift in Sources */ = {isa = PBXBuildFile; fileRef = F4DED2989C6F41B0D90DD0A5 /* SymbolExtractorTests.swift */; };
		12DE67D82F51E7B68B722C32 /* README.md in Resources */ = {isa = PBXBuildFile; fileRef = 62EABE4BE781CC2C4E82A18E /* README.md */; };
		1539DE8108F265A3B1B7FDD1 /* ConstellationCanvas.swift in Sources */ = {isa = PBXBuildFile; fileRef = FB8FCAAF460C3928C9A82B1D /* ConstellationCanvas.swift */; };
		1B6E1DB9A32465BECA04EFC9 /* DreamStreakService.swift in Sources */ = {isa = PBXBuildFile; fileRef = E6E67FAEBC89A81C8E46D01A /* DreamStreakService.swift */; };
		1B8548687E94A6E09F27FD61 /* TransitDiagramView.swift in Sources */ = {isa = PBXBuildFile; fileRef = 98E345CE91BAA352FFABDC62 /* TransitDiagramView.swift */; };
		1B8B297B979698E24E895008 /* AppEnv.swift in Sources */ = {isa = PBXBuildFile; fileRef = 8CB7A4A2D534E142CE71FDA9 /* AppEnv.swift */; };
		1BEC679BF131845A466BB8F9 /* AmbientSoundService.swift in Sources */ = {isa = PBXBuildFile; fileRef = 96B94FE74AD3150EBC06E885 /* AmbientSoundService.swift */; };
		1C1F8082BD8EBF24AAF46190 /* Notifications.swift in Sources */ = {isa = PBXBuildFile; fileRef = 0AB86A3FB53EA4AA7064087F /* Notifications.swift */; };
		1D601B9F953B58103005FF13 /* AccuracyFeedbackView.swift in Sources */ = {isa = PBXBuildFile; fileRef = 66B21FD8CECFFA3323B075A0 /* AccuracyFeedbackView.swift */; };
		1E53A0F26843098A18DD2E32 /* RecordDreamIntent.swift in Sources */ = {isa = PBXBuildFile; fileRef = 32324A8E9CA14135389165C0 /* RecordDreamIntent.swift */; };
		1E650A1D4E257F57FAA59640 /* FirebaseFirestore in Frameworks */ = {isa = PBXBuildFile; productRef = 51153838FCC526CD33479F93 /* FirebaseFirestore */; };
		1F54F9B8144E3172F9902736 /* InsightsHeatmapSection.swift in Sources */ = {isa = PBXBuildFile; fileRef = 861F4409E3A5F962980D7B2E /* InsightsHeatmapSection.swift */; };
		200D30951D6B0E7BF2AFC79F /* QuickReadView.swift in Sources */ = {isa = PBXBuildFile; fileRef = 25AEDB146923930B3320E920 /* QuickReadView.swift */; };
		206C50DD1730F36CD4C5B358 /* ActionChips.swift in Sources */ = {isa = PBXBuildFile; fileRef = EC462D5F73B89BB27784A984 /* ActionChips.swift */; };
		24568E9FA8F10BC3C59C6D4B /* VoiceRecorderService.swift in Sources */ = {isa = PBXBuildFile; fileRef = 398EF054DACE29F26878BA0C /* VoiceRecorderService.swift */; };
		26A7B65773F40E00F0606BD3 /* HoroscopeService.swift in Sources */ = {isa = PBXBuildFile; fileRef = 340011767851D63962304ED4 /* HoroscopeService.swift */; };
		26ABDC86F382A2ADD26B389F /* AlignmentAheadTeaser.swift in Sources */ = {isa = PBXBuildFile; fileRef = 50152123CE6525F960C1FA90 /* AlignmentAheadTeaser.swift */; };
		327B5C8C870C1DC9944FBD66 /* InsightsGate.swift in Sources */ = {isa = PBXBuildFile; fileRef = 66027D041FEEE34D4E8467B0 /* InsightsGate.swift */; };
		337D6CAD85882AFE166049DE /* AppLockService.swift in Sources */ = {isa = PBXBuildFile; fileRef = 21E60B9072239A340ADB490A /* AppLockService.swift */; };
		38505B412023F8F49F22BD6F /* OracleChatView.swift in Sources */ = {isa = PBXBuildFile; fileRef = C55CBCF145CD73D16EF2AAF1 /* OracleChatView.swift */; };
		3A80C8438FCFE9239B3ADBD5 /* QuickReadInterpretationView.swift in Sources */ = {isa = PBXBuildFile; fileRef = 62A3D5E30117D05DFB25CCA0 /* QuickReadInterpretationView.swift */; };
		3AFDBD85195356A485F79D84 /* Resonance.swift in Sources */ = {isa = PBXBuildFile; fileRef = D98087626DB91A9B288047F8 /* Resonance.swift */; };
		40A1706036FB8B5F6AF6C08E /* AstroAssetsExistTests.swift in Sources */ = {isa = PBXBuildFile; fileRef = B9D2352E0C1E6DCE6DF37D51 /* AstroAssetsExistTests.swift */; };
		415952ABE53F5E81855815E6 /* FirebaseService.swift in Sources */ = {isa = PBXBuildFile; fileRef = 29AE82C180EEBF259A9DD9C2 /* FirebaseService.swift */; };
		424434D6EEF9B0115050D107 /* ZodiacSign.swift in Sources */ = {isa = PBXBuildFile; fileRef = BF6B315DB4AC0448134C5ACD /* ZodiacSign.swift */; };
		43F84D5CC1E9E884109F787F /* AstroIconButton.swift in Sources */ = {isa = PBXBuildFile; fileRef = 9CF93AAA997B4645833FF477 /* AstroIconButton.swift */; };
		440C691717584556AD64B107 /* TodayView.swift in Sources */ = {isa = PBXBuildFile; fileRef = 887E0F168FD8290C58FFDA87 /* TodayView.swift */; };
		44FD48B77A92857261FCD677 /* AstroCatalog.swift in Sources */ = {isa = PBXBuildFile; fileRef = BD0DDE559F74729D34E87944 /* AstroCatalog.swift */; };
		46687BA0BC22124F5EF0A5B2 /* HoroscopeCalendarView.swift in Sources */ = {isa = PBXBuildFile; fileRef = 1EC3FCFE202367BC39AF9CEB /* HoroscopeCalendarView.swift */; };
		46DC7C5E8187722CFF921A0E /* MagicEffects.swift in Sources */ = {isa = PBXBuildFile; fileRef = 6E3A7AE024B1F1B05AC5AF83 /* MagicEffects.swift */; };
		4F6543490A8467B3CF905304 /* DreamStore.swift in Sources */ = {isa = PBXBuildFile; fileRef = 06EA441B1A159BD5FE16FD39 /* DreamStore.swift */; };
		51D9B8465BA392C4582B2705 /* AlignmentAheadPreview.swift in Sources */ = {isa = PBXBuildFile; fileRef = F35098EE75E2D9A36590DFB6 /* AlignmentAheadPreview.swift */; };
		52B7961706079538C4C1315A /* ResonanceServiceTests.swift in Sources */ = {isa = PBXBuildFile; fileRef = 9D89B27499D5EFD3C5196B0D /* ResonanceServiceTests.swift */; };
		5351F603D1A9D1A9D043D15B /* JournalView.swift in Sources */ = {isa = PBXBuildFile; fileRef = 557A8B5B088EEAA529DE7C8E /* JournalView.swift */; };
		58A2741BEF73BE969DF165CA /* LifeAreaRow.swift in Sources */ = {isa = PBXBuildFile; fileRef = FAD2B9424D8419D895D3D464 /* LifeAreaRow.swift */; };
		598E2B2205BACB28ED393E0D /* IAPIDs.swift in Sources */ = {isa = PBXBuildFile; fileRef = FB853D90E0102838F0F5AF1E /* IAPIDs.swift */; };
		59F706127463A56A1CBFB5B5 /* OracleService+History.swift in Sources */ = {isa = PBXBuildFile; fileRef = FAF0C4D94339B5C061B8087F /* OracleService+History.swift */; };
		5A5BB03F6E23B645DEC764F1 /* ConstellationSpinner.swift in Sources */ = {isa = PBXBuildFile; fileRef = D7952A7530CCAF3525D0A80B /* ConstellationSpinner.swift */; };
		5B97E6407F9B2892CFE92886 /* SeasonalContentView.swift in Sources */ = {isa = PBXBuildFile; fileRef = F88E5B0CC7C479BE13D28766 /* SeasonalContentView.swift */; };
		5C94B184A404CB464C0253A8 /* OracleChatService.swift in Sources */ = {isa = PBXBuildFile; fileRef = B5D209B79FF222431A6092FC /* OracleChatService.swift */; };
		6060EA136A801F3766631452 /* InsightsView.swift in Sources */ = {isa = PBXBuildFile; fileRef = 4FCD0FAEC6BC42BF47BB7D4E /* InsightsView.swift */; };
		61146BC3E954A52EF1564183 /* ProfileService.swift in Sources */ = {isa = PBXBuildFile; fileRef = AB87654B3D8F143BD3C568EE /* ProfileService.swift */; };
		61626DA4ED5343D116CC4EC0 /* ColorTokens.swift in Sources */ = {isa = PBXBuildFile; fileRef = 6BA486A9910ED3B90E59C850 /* ColorTokens.swift */; };
		6291FE8B1270063769424AAF /* PaywallService.swift in Sources */ = {isa = PBXBuildFile; fileRef = 31782B3F6C632ABDB67F449A /* PaywallService.swift */; };
		635464FF785C26754F456772 /* ConstellationView.swift in Sources */ = {isa = PBXBuildFile; fileRef = 1115A5E72BC31D520A9E988B /* ConstellationView.swift */; };
		650CB1B1F4C164487183EBD4 /* SettingsService.swift in Sources */ = {isa = PBXBuildFile; fileRef = 5684A68BB0D71B684D645FF3 /* SettingsService.swift */; };
		67A267233C3D270FAF54CC6C /* AuthService.swift in Sources */ = {isa = PBXBuildFile; fileRef = A32ADC0D196DC4835745CE17 /* AuthService.swift */; };
		68575162CA37B1BF0AEAC795 /* RemoteConfigService.swift in Sources */ = {isa = PBXBuildFile; fileRef = B1475F32409336714801E1C1 /* RemoteConfigService.swift */; };
		6867EC0414157062EC3E29A0 /* TodayRangeViewModel.swift in Sources */ = {isa = PBXBuildFile; fileRef = C628EAE28AA0A4A941ACF716 /* TodayRangeViewModel.swift */; };
		6CADC6136D5BFB57D69C51A2 /* DLAnalytics.swift in Sources */ = {isa = PBXBuildFile; fileRef = 21F844C02397335DD8C8F420 /* DLAnalytics.swift */; };
		6D73FA6DA2D836A6C499DD97 /* BestDayInfo.swift in Sources */ = {isa = PBXBuildFile; fileRef = 6CAEA38A41CB54C41CA4A40A /* BestDayInfo.swift */; };
		6FEF07E474A0B3F789431C5A /* QuickCaptureBridge.swift in Sources */ = {isa = PBXBuildFile; fileRef = 5AFABC16E194ADC535588D8C /* QuickCaptureBridge.swift */; };
		744EB922E0A58060B050F457 /* RootRouterView.swift in Sources */ = {isa = PBXBuildFile; fileRef = C48689CF08F88CDAC666943D /* RootRouterView.swift */; };
		74DE7A7EA110E04B88F04624 /* ContentView.swift in Sources */ = {isa = PBXBuildFile; fileRef = CFA0AD26C031A571A0135EE6 /* ContentView.swift */; };
		7992224AEEB534A77B0BDBC9 /* DreamPattern.swift in Sources */ = {isa = PBXBuildFile; fileRef = 9D0AC8CC3B4066313CFEFE20 /* DreamPattern.swift */; };
		7A963D27087981067594C59A /* GateTests.swift in Sources */ = {isa = PBXBuildFile; fileRef = 655C88AED253F685890DFBB6 /* GateTests.swift */; };
		7EFD863B0A1BD64765F88AC9 /* TodayViewModel.swift in Sources */ = {isa = PBXBuildFile; fileRef = 4088626376277D9767BB486B /* TodayViewModel.swift */; };
		7F6DF3495A916712E3202551 /* HoroscopeDaily.swift in Sources */ = {isa = PBXBuildFile; fileRef = 0FA95901157E09C41131C675 /* HoroscopeDaily.swift */; };
		867F4B148A814CB8CC2017AF /* FirebaseAnalytics in Frameworks */ = {isa = PBXBuildFile; productRef = E005C838A6E21C391E9C7DD7 /* FirebaseAnalytics */; };
		87B2A7A132C35BD6EC8AC881 /* FirebaseAuth in Frameworks */ = {isa = PBXBuildFile; productRef = B1A723C14C3A28AD9A7C5485 /* FirebaseAuth */; };
		8ADC8BC6DB0E9E01C6521F79 /* AssetImage.swift in Sources */ = {isa = PBXBuildFile; fileRef = 1F251211FF73A6629D5FDD45 /* AssetImage.swift */; };
		8E891396F66A0D5993836C1C /* HoroscopeRange.swift in Sources */ = {isa = PBXBuildFile; fileRef = 26D84B7B2FF4632DCB00AD53 /* HoroscopeRange.swift */; };
		94E2BCFFB997D06DDBCC98B6 /* OracleGate.swift in Sources */ = {isa = PBXBuildFile; fileRef = 18FDA00CB44942507A760F3E /* OracleGate.swift */; };
		9508962D2B8E113424BC53E0 /* ResonanceService.swift in Sources */ = {isa = PBXBuildFile; fileRef = 68C151CDD228236CC7035AF6 /* ResonanceService.swift */; };
		9613663DF8226ACB5021994B /* DreamDetailView.swift in Sources */ = {isa = PBXBuildFile; fileRef = DB00E5FC10AF748766B3E08D /* DreamDetailView.swift */; };
		96A1A27C25B9ECC912480FD2 /* InterpretButtonGate.swift in Sources */ = {isa = PBXBuildFile; fileRef = 10689D0F871FC145E2BF6685 /* InterpretButtonGate.swift */; };
		98BD496F1C2A8691809BA93E /* BestDaysTeaser.swift in Sources */ = {isa = PBXBuildFile; fileRef = 42F3D8784B829FDFE209E3B3 /* BestDaysTeaser.swift */; };
		9B10F4C32E9E00C026EAC340 /* BehindThisForecastView.swift in Sources */ = {isa = PBXBuildFile; fileRef = 77AB4061BECB32A5C0F26350 /* BehindThisForecastView.swift */; };
		9B19CF277A18B7E6C07E7DCA /* NotificationService.swift in Sources */ = {isa = PBXBuildFile; fileRef = D37481319B28DC7E1F017B47 /* NotificationService.swift */; };
		9BBDEA2D11EAD59A9B38B358 /* ThemeService.swift in Sources */ = {isa = PBXBuildFile; fileRef = 0210D4A191E832AFC80267C4 /* ThemeService.swift */; };
		9BCD454B0EC608388134C247 /* SymbolHeatmapView.swift in Sources */ = {isa = PBXBuildFile; fileRef = D5133FA7FF9DABF20AFD0402 /* SymbolHeatmapView.swift */; };
		9BD282320C85AF5D1C35A3B0 /* ProfileView.swift in Sources */ = {isa = PBXBuildFile; fileRef = 54C317807AF15F0F8C17F06F /* ProfileView.swift */; };
		9C33E5ABEFF33AB3131490D0 /* Theme.swift in Sources */ = {isa = PBXBuildFile; fileRef = 738C88E69026F7ECD6BAAAA1 /* Theme.swift */; };
		A496513B265C9D08C3042F45 /* HistorySummarizerTests.swift in Sources */ = {isa = PBXBuildFile; fileRef = AEDAD901BDCB3CA0756CBA2B /* HistorySummarizerTests.swift */; };
		A4A5C4DF0140CC9F30F80CEE /* OnboardingFlow.swift in Sources */ = {isa = PBXBuildFile; fileRef = F6708ADB7D0E1E21AA637735 /* OnboardingFlow.swift */; };
		A6223B81AB29B8021DE1C962 /* TodayLoadingView.swift in Sources */ = {isa = PBXBuildFile; fileRef = 2787221BD4EBD92E19A7D00D /* TodayLoadingView.swift */; };
		A7C2CB8E0C0F6F87B989947B /* PushService.swift in Sources */ = {isa = PBXBuildFile; fileRef = 529E8FF6611032F53F615B44 /* PushService.swift */; };
		A847A3DC773226A07B122D0E /* AppDelegate.swift in Sources */ = {isa = PBXBuildFile; fileRef = B3FF3DDA91EF58FE6C4AB617 /* AppDelegate.swift */; };
		A94B71BB92A944CBE86A7250 /* DreamPatternService.swift in Sources */ = {isa = PBXBuildFile; fileRef = 568233B5D519B5E62BE515D9 /* DreamPatternService.swift */; };
		AF9E5DB60B63139E38C1B398 /* UsageService.swift in Sources */ = {isa = PBXBuildFile; fileRef = C9FFAB1A7579463FED35BB73 /* UsageService.swift */; };
		B07234DE31905C50E563EB5F /* SymbolExtractor.swift in Sources */ = {isa = PBXBuildFile; fileRef = D553A904BE255279105578BF /* SymbolExtractor.swift */; };
		B196BB7F6D5FB63A1AA6FA35 /* FeatureFlags.swift in Sources */ = {isa = PBXBuildFile; fileRef = B4B7E3A5E4A81C66376EA133 /* FeatureFlags.swift */; };
		B32232A9AE9899A04406063A /* OracleService.swift in Sources */ = {isa = PBXBuildFile; fileRef = E07790A9FE0B47C5A4AA6466 /* OracleService.swift */; };
		B63C2AC82E479B6E7B294702 /* GoogleService-Info.plist in Resources */ = {isa = PBXBuildFile; fileRef = 251D4D9ABAB61BE6FA0E7ACD /* GoogleService-Info.plist */; };
		B889283D8B8C8007676D1ED6 /* ProBadge.swift in Sources */ = {isa = PBXBuildFile; fileRef = 6207F442AB09923F40F1984B /* ProBadge.swift */; };
		B8A97A59714A9C3A0ED914C1 /* Typography.swift in Sources */ = {isa = PBXBuildFile; fileRef = 99088FFDF6AE6507637CFCA7 /* Typography.swift */; };
		B93F2B91EA0B2A5FDA347B6A /* TodayRangeViewModel+Resonance.swift in Sources */ = {isa = PBXBuildFile; fileRef = DA8A51D3FDCC9C7141D5AB65 /* TodayRangeViewModel+Resonance.swift */; };
		B9546E7F8E9BC63A4D23D07E /* DreamlineApp.swift in Sources */ = {isa = PBXBuildFile; fileRef = D41E3AE5D7CD6A912C26DB35 /* DreamlineApp.swift */; };
		B9846C85E6593BF6EB5B9CA3 /* HistoryService.swift in Sources */ = {isa = PBXBuildFile; fileRef = 4C68F3255FA7EED401B88929 /* HistoryService.swift */; };
		BD6739216F6311C3F684DF76 /* SettingsView.swift in Sources */ = {isa = PBXBuildFile; fileRef = 73B92519A92C5836BB447CAF /* SettingsView.swift */; };
		C01C0DB92261247FD9275C0D /* AnchorKey.swift in Sources */ = {isa = PBXBuildFile; fileRef = 5172B5B35B51DE35206089FC /* AnchorKey.swift */; };
		C34E429FAC9F6EAB6D60ED32 /* PaywallView.swift in Sources */ = {isa = PBXBuildFile; fileRef = A824CEB8FB20614385EAADE7 /* PaywallView.swift */; };
		C6011C5FD6AAFEAB4C0DDFF4 /* EmbeddingService.swift in Sources */ = {isa = PBXBuildFile; fileRef = 28D0CB80DC9AA648A91D58EA /* EmbeddingService.swift */; };
		C7502F15DA5B50EA5B2EF99F /* EntitlementsService.swift in Sources */ = {isa = PBXBuildFile; fileRef = 7B078092D64F5C5D7AC7B6C1 /* EntitlementsService.swift */; };
		CA7FD8E474EBBCFE2EF81D53 /* RemoteConfigDefaultsTests.swift in Sources */ = {isa = PBXBuildFile; fileRef = EF1D961E93D50208372F0A67 /* RemoteConfigDefaultsTests.swift */; };
		CDD6557BCC6284E214FB1730 /* DreamDetailScreen.swift in Sources */ = {isa = PBXBuildFile; fileRef = 50B27A75FF940DDA8063E1FE /* DreamDetailScreen.swift */; };
		CFB5A5DB5C2A07D05E16FF9A /* FirebaseRemoteConfig in Frameworks */ = {isa = PBXBuildFile; productRef = 8C558025F22C54B074C96872 /* FirebaseRemoteConfig */; };
		D145E9E89BAA769CC8043270 /* TranscriptionService.swift in Sources */ = {isa = PBXBuildFile; fileRef = FB56FE877C53F1EF21E3E0E1 /* TranscriptionService.swift */; };
		D6E5EA57803D78C199994371 /* TodayRangeView.swift in Sources */ = {isa = PBXBuildFile; fileRef = 8D84C2E36FA13CA977D77446 /* TodayRangeView.swift */; };
		D8D955F717D6F930C5682294 /* LaunchScreen.swift in Sources */ = {isa = PBXBuildFile; fileRef = 459201AE97BF501D1B44C9F4 /* LaunchScreen.swift */; };
		DAF91D3AC3072E647348B6E8 /* SymbolSeasonalityDetailView.swift in Sources */ = {isa = PBXBuildFile; fileRef = 43636F9B22F5306B1A2BF234 /* SymbolSeasonalityDetailView.swift */; };
		DB33F80575DB1EBAFD287189 /* StoreKitLayer.swift in Sources */ = {isa = PBXBuildFile; fileRef = 01DB66BC88E5AB7C6AB8D3CC /* StoreKitLayer.swift */; };
		DBCD129255DF0684E1A908E2 /* CopyEngine.swift in Sources */ = {isa = PBXBuildFile; fileRef = 74D0EFDC0509307E8E9F9563 /* CopyEngine.swift */; };
		DCBA0EF40FF17D9352FA6C49 /* BirthDataEditorView.swift in Sources */ = {isa = PBXBuildFile; fileRef = 529C94BCCAB7E6CBA36FEA44 /* BirthDataEditorView.swift */; };
		DDC59E26E9C19F8C0982D3A6 /* ConstellationStore.swift in Sources */ = {isa = PBXBuildFile; fileRef = A4996D980DFADEE9D1C0605C /* ConstellationStore.swift */; };
		E1D21F3D53B4EF74CF0937F3 /* InterpretCoordinator.swift in Sources */ = {isa = PBXBuildFile; fileRef = 25C436F5531E47A44992601D /* InterpretCoordinator.swift */; };
		E1FFA4F9DF4596EE8FF7689F /* RemoteConfigTests.swift in Sources */ = {isa = PBXBuildFile; fileRef = 89FC095E215D4EABD2332256 /* RemoteConfigTests.swift */; };
		E348C6628090426257BDCD07 /* Polish.swift in Sources */ = {isa = PBXBuildFile; fileRef = 0E699097854E4F3ACFF95AB0 /* Polish.swift */; };
		E546B5784D7399FBE6E9A597 /* LifeAreaDetailView.swift in Sources */ = {isa = PBXBuildFile; fileRef = 62C5EC0BED0E43C602C41120 /* LifeAreaDetailView.swift */; };
		E7802E9642B7BA6E2A7BE9FA /* RemoteConfigSnapshot.swift in Sources */ = {isa = PBXBuildFile; fileRef = FA9B7662B2735339FEEF0035 /* RemoteConfigSnapshot.swift */; };
		EB338E2E2EBB86893F2D632C /* YourDayHeroCard.swift in Sources */ = {isa = PBXBuildFile; fileRef = DC88815A42B90ED59801838F /* YourDayHeroCard.swift */; };
		EC38C1E2222F3AF5FC715CA8 /* TodayStructuredView.swift in Sources */ = {isa = PBXBuildFile; fileRef = A14ADF2DA28CBC8074349E0D /* TodayStructuredView.swift */; };
		EDBD2571986EA294130FB218 /* EmbeddingServiceTests.swift in Sources */ = {isa = PBXBuildFile; fileRef = D7BF23FE386FF90AB3195484 /* EmbeddingServiceTests.swift */; };
		EE135BDFFE01BF995CB47881 /* OracleShimmer.swift in Sources */ = {isa = PBXBuildFile; fileRef = C082D508A5BE853682686929 /* OracleShimmer.swift */; };
		EE532EF1CD26802316CF2437 /* DeepReadGenerator.swift in Sources */ = {isa = PBXBuildFile; fileRef = F364B5B852252478A372AFBD /* DeepReadGenerator.swift */; };
		F2E925FEDEB07CA9DCF0B298 /* FirebaseMessaging in Frameworks */ = {isa = PBXBuildFile; productRef = 2A27E80C677EC938346E464A /* FirebaseMessaging */; };
		F31A57DEC339F24A7B09166B /* OracleSchemaTests.swift in Sources */ = {isa = PBXBuildFile; fileRef = D006DB938F0A71062F6DFB24 /* OracleSchemaTests.swift */; };
		F6BF6EDF5AC85FFD54748DE2 /* PromptBook.swift in Sources */ = {isa = PBXBuildFile; fileRef = 509B285AACFAAACA11B67CF6 /* PromptBook.swift */; };
		FC4B07B8F8849A5064DDA29A /* AstroService.swift in Sources */ = {isa = PBXBuildFile; fileRef = 9BFA543F810B15B3F844BCE2 /* AstroService.swift */; };
		FE09777B1A9E2AE906CB519B /* BestDaysView.swift in Sources */ = {isa = PBXBuildFile; fileRef = FD1083DC6763C08039F9061A /* BestDaysView.swift */; };
/* End PBXBuildFile section */

/* Begin PBXContainerItemProxy section */
		10135AE035CA07456A45EBD3 /* PBXContainerItemProxy */ = {
			isa = PBXContainerItemProxy;
			containerPortal = A87DDBCBAE6FEAE27E71556D /* Project object */;
			proxyType = 1;
			remoteGlobalIDString = 991281192E7A820C37BEE0F6;
			remoteInfo = Dreamline;
		};
/* End PBXContainerItemProxy section */

/* Begin PBXFileReference section */
		01DB66BC88E5AB7C6AB8D3CC /* StoreKitLayer.swift */ = {isa = PBXFileReference; lastKnownFileType = sourcecode.swift; path = StoreKitLayer.swift; sourceTree = "<group>"; };
		0210D4A191E832AFC80267C4 /* ThemeService.swift */ = {isa = PBXFileReference; lastKnownFileType = sourcecode.swift; path = ThemeService.swift; sourceTree = "<group>"; };
		06EA441B1A159BD5FE16FD39 /* DreamStore.swift */ = {isa = PBXFileReference; lastKnownFileType = sourcecode.swift; path = DreamStore.swift; sourceTree = "<group>"; };
		089F554B62948C7C5D21CA1A /* ResonanceConfig.swift */ = {isa = PBXFileReference; lastKnownFileType = sourcecode.swift; path = ResonanceConfig.swift; sourceTree = "<group>"; };
		0AB86A3FB53EA4AA7064087F /* Notifications.swift */ = {isa = PBXFileReference; lastKnownFileType = sourcecode.swift; path = Notifications.swift; sourceTree = "<group>"; };
		0E699097854E4F3ACFF95AB0 /* Polish.swift */ = {isa = PBXFileReference; lastKnownFileType = sourcecode.swift; path = Polish.swift; sourceTree = "<group>"; };
		0FA95901157E09C41131C675 /* HoroscopeDaily.swift */ = {isa = PBXFileReference; lastKnownFileType = sourcecode.swift; path = HoroscopeDaily.swift; sourceTree = "<group>"; };
		10689D0F871FC145E2BF6685 /* InterpretButtonGate.swift */ = {isa = PBXFileReference; lastKnownFileType = sourcecode.swift; path = InterpretButtonGate.swift; sourceTree = "<group>"; };
		1115A5E72BC31D520A9E988B /* ConstellationView.swift */ = {isa = PBXFileReference; lastKnownFileType = sourcecode.swift; path = ConstellationView.swift; sourceTree = "<group>"; };
		18FDA00CB44942507A760F3E /* OracleGate.swift */ = {isa = PBXFileReference; lastKnownFileType = sourcecode.swift; path = OracleGate.swift; sourceTree = "<group>"; };
		1EC3FCFE202367BC39AF9CEB /* HoroscopeCalendarView.swift */ = {isa = PBXFileReference; lastKnownFileType = sourcecode.swift; path = HoroscopeCalendarView.swift; sourceTree = "<group>"; };
		1F251211FF73A6629D5FDD45 /* AssetImage.swift */ = {isa = PBXFileReference; lastKnownFileType = sourcecode.swift; path = AssetImage.swift; sourceTree = "<group>"; };
		21E60B9072239A340ADB490A /* AppLockService.swift */ = {isa = PBXFileReference; lastKnownFileType = sourcecode.swift; path = AppLockService.swift; sourceTree = "<group>"; };
		21F844C02397335DD8C8F420 /* DLAnalytics.swift */ = {isa = PBXFileReference; lastKnownFileType = sourcecode.swift; path = DLAnalytics.swift; sourceTree = "<group>"; };
		251D4D9ABAB61BE6FA0E7ACD /* GoogleService-Info.plist */ = {isa = PBXFileReference; lastKnownFileType = text.plist; path = "GoogleService-Info.plist"; sourceTree = "<group>"; };
		25AEDB146923930B3320E920 /* QuickReadView.swift */ = {isa = PBXFileReference; lastKnownFileType = sourcecode.swift; path = QuickReadView.swift; sourceTree = "<group>"; };
		25C436F5531E47A44992601D /* InterpretCoordinator.swift */ = {isa = PBXFileReference; lastKnownFileType = sourcecode.swift; path = InterpretCoordinator.swift; sourceTree = "<group>"; };
		26D84B7B2FF4632DCB00AD53 /* HoroscopeRange.swift */ = {isa = PBXFileReference; lastKnownFileType = sourcecode.swift; path = HoroscopeRange.swift; sourceTree = "<group>"; };
		2787221BD4EBD92E19A7D00D /* TodayLoadingView.swift */ = {isa = PBXFileReference; lastKnownFileType = sourcecode.swift; path = TodayLoadingView.swift; sourceTree = "<group>"; };
		28C6E640392CFD0784669257 /* ConstellationPreview.swift */ = {isa = PBXFileReference; lastKnownFileType = sourcecode.swift; path = ConstellationPreview.swift; sourceTree = "<group>"; };
		28D0CB80DC9AA648A91D58EA /* EmbeddingService.swift */ = {isa = PBXFileReference; lastKnownFileType = sourcecode.swift; path = EmbeddingService.swift; sourceTree = "<group>"; };
		29AE82C180EEBF259A9DD9C2 /* FirebaseService.swift */ = {isa = PBXFileReference; lastKnownFileType = sourcecode.swift; path = FirebaseService.swift; sourceTree = "<group>"; };
		2B801626EA2D4D15B0A98D01 /* Animations.swift */ = {isa = PBXFileReference; lastKnownFileType = sourcecode.swift; path = Animations.swift; sourceTree = "<group>"; };
		31782B3F6C632ABDB67F449A /* PaywallService.swift */ = {isa = PBXFileReference; lastKnownFileType = sourcecode.swift; path = PaywallService.swift; sourceTree = "<group>"; };
		32324A8E9CA14135389165C0 /* RecordDreamIntent.swift */ = {isa = PBXFileReference; lastKnownFileType = sourcecode.swift; path = RecordDreamIntent.swift; sourceTree = "<group>"; };
		340011767851D63962304ED4 /* HoroscopeService.swift */ = {isa = PBXFileReference; lastKnownFileType = sourcecode.swift; path = HoroscopeService.swift; sourceTree = "<group>"; };
		3632BF117D79CF0FF54C0044 /* TodayPlanetStrip.swift */ = {isa = PBXFileReference; lastKnownFileType = sourcecode.swift; path = TodayPlanetStrip.swift; sourceTree = "<group>"; };
		37032F96872F6A7224C4582E /* Dreamline.app */ = {isa = PBXFileReference; explicitFileType = wrapper.application; includeInIndex = 0; path = Dreamline.app; sourceTree = BUILT_PRODUCTS_DIR; };
		398EF054DACE29F26878BA0C /* VoiceRecorderService.swift */ = {isa = PBXFileReference; lastKnownFileType = sourcecode.swift; path = VoiceRecorderService.swift; sourceTree = "<group>"; };
		3ADCF73542DD9467DD55D017 /* DreamDetailExtras.swift */ = {isa = PBXFileReference; lastKnownFileType = sourcecode.swift; path = DreamDetailExtras.swift; sourceTree = "<group>"; };
		4088626376277D9767BB486B /* TodayViewModel.swift */ = {isa = PBXFileReference; lastKnownFileType = sourcecode.swift; path = TodayViewModel.swift; sourceTree = "<group>"; };
		42F3D8784B829FDFE209E3B3 /* BestDaysTeaser.swift */ = {isa = PBXFileReference; lastKnownFileType = sourcecode.swift; path = BestDaysTeaser.swift; sourceTree = "<group>"; };
		43636F9B22F5306B1A2BF234 /* SymbolSeasonalityDetailView.swift */ = {isa = PBXFileReference; lastKnownFileType = sourcecode.swift; path = SymbolSeasonalityDetailView.swift; sourceTree = "<group>"; };
		459201AE97BF501D1B44C9F4 /* LaunchScreen.swift */ = {isa = PBXFileReference; lastKnownFileType = sourcecode.swift; path = LaunchScreen.swift; sourceTree = "<group>"; };
		4C68F3255FA7EED401B88929 /* HistoryService.swift */ = {isa = PBXFileReference; lastKnownFileType = sourcecode.swift; path = HistoryService.swift; sourceTree = "<group>"; };
		4FCD0FAEC6BC42BF47BB7D4E /* InsightsView.swift */ = {isa = PBXFileReference; lastKnownFileType = sourcecode.swift; path = InsightsView.swift; sourceTree = "<group>"; };
		50152123CE6525F960C1FA90 /* AlignmentAheadTeaser.swift */ = {isa = PBXFileReference; lastKnownFileType = sourcecode.swift; path = AlignmentAheadTeaser.swift; sourceTree = "<group>"; };
		509B285AACFAAACA11B67CF6 /* PromptBook.swift */ = {isa = PBXFileReference; lastKnownFileType = sourcecode.swift; path = PromptBook.swift; sourceTree = "<group>"; };
		50B27A75FF940DDA8063E1FE /* DreamDetailScreen.swift */ = {isa = PBXFileReference; lastKnownFileType = sourcecode.swift; path = DreamDetailScreen.swift; sourceTree = "<group>"; };
		5172B5B35B51DE35206089FC /* AnchorKey.swift */ = {isa = PBXFileReference; lastKnownFileType = sourcecode.swift; path = AnchorKey.swift; sourceTree = "<group>"; };
		529C94BCCAB7E6CBA36FEA44 /* BirthDataEditorView.swift */ = {isa = PBXFileReference; lastKnownFileType = sourcecode.swift; path = BirthDataEditorView.swift; sourceTree = "<group>"; };
		529E8FF6611032F53F615B44 /* PushService.swift */ = {isa = PBXFileReference; lastKnownFileType = sourcecode.swift; path = PushService.swift; sourceTree = "<group>"; };
		54C317807AF15F0F8C17F06F /* ProfileView.swift */ = {isa = PBXFileReference; lastKnownFileType = sourcecode.swift; path = ProfileView.swift; sourceTree = "<group>"; };
		557A8B5B088EEAA529DE7C8E /* JournalView.swift */ = {isa = PBXFileReference; lastKnownFileType = sourcecode.swift; path = JournalView.swift; sourceTree = "<group>"; };
		568233B5D519B5E62BE515D9 /* DreamPatternService.swift */ = {isa = PBXFileReference; lastKnownFileType = sourcecode.swift; path = DreamPatternService.swift; sourceTree = "<group>"; };
		5684A68BB0D71B684D645FF3 /* SettingsService.swift */ = {isa = PBXFileReference; lastKnownFileType = sourcecode.swift; path = SettingsService.swift; sourceTree = "<group>"; };
		5AFABC16E194ADC535588D8C /* QuickCaptureBridge.swift */ = {isa = PBXFileReference; lastKnownFileType = sourcecode.swift; path = QuickCaptureBridge.swift; sourceTree = "<group>"; };
		6207F442AB09923F40F1984B /* ProBadge.swift */ = {isa = PBXFileReference; lastKnownFileType = sourcecode.swift; path = ProBadge.swift; sourceTree = "<group>"; };
		62A3D5E30117D05DFB25CCA0 /* QuickReadInterpretationView.swift */ = {isa = PBXFileReference; lastKnownFileType = sourcecode.swift; path = QuickReadInterpretationView.swift; sourceTree = "<group>"; };
		62C5EC0BED0E43C602C41120 /* LifeAreaDetailView.swift */ = {isa = PBXFileReference; lastKnownFileType = sourcecode.swift; path = LifeAreaDetailView.swift; sourceTree = "<group>"; };
		62EABE4BE781CC2C4E82A18E /* README.md */ = {isa = PBXFileReference; lastKnownFileType = net.daringfireball.markdown; path = README.md; sourceTree = "<group>"; };
		655C88AED253F685890DFBB6 /* GateTests.swift */ = {isa = PBXFileReference; lastKnownFileType = sourcecode.swift; path = GateTests.swift; sourceTree = "<group>"; };
		66027D041FEEE34D4E8467B0 /* InsightsGate.swift */ = {isa = PBXFileReference; lastKnownFileType = sourcecode.swift; path = InsightsGate.swift; sourceTree = "<group>"; };
		66B21FD8CECFFA3323B075A0 /* AccuracyFeedbackView.swift */ = {isa = PBXFileReference; lastKnownFileType = sourcecode.swift; path = AccuracyFeedbackView.swift; sourceTree = "<group>"; };
		68C151CDD228236CC7035AF6 /* ResonanceService.swift */ = {isa = PBXFileReference; lastKnownFileType = sourcecode.swift; path = ResonanceService.swift; sourceTree = "<group>"; };
		6BA486A9910ED3B90E59C850 /* ColorTokens.swift */ = {isa = PBXFileReference; lastKnownFileType = sourcecode.swift; path = ColorTokens.swift; sourceTree = "<group>"; };
		6CAEA38A41CB54C41CA4A40A /* BestDayInfo.swift */ = {isa = PBXFileReference; lastKnownFileType = sourcecode.swift; path = BestDayInfo.swift; sourceTree = "<group>"; };
		6E3A7AE024B1F1B05AC5AF83 /* MagicEffects.swift */ = {isa = PBXFileReference; lastKnownFileType = sourcecode.swift; path = MagicEffects.swift; sourceTree = "<group>"; };
		723E6A52D7B333E782EE0FF6 /* AstroGlossary.swift */ = {isa = PBXFileReference; lastKnownFileType = sourcecode.swift; path = AstroGlossary.swift; sourceTree = "<group>"; };
		738C88E69026F7ECD6BAAAA1 /* Theme.swift */ = {isa = PBXFileReference; lastKnownFileType = sourcecode.swift; path = Theme.swift; sourceTree = "<group>"; };
		73B92519A92C5836BB447CAF /* SettingsView.swift */ = {isa = PBXFileReference; lastKnownFileType = sourcecode.swift; path = SettingsView.swift; sourceTree = "<group>"; };
		74D0EFDC0509307E8E9F9563 /* CopyEngine.swift */ = {isa = PBXFileReference; lastKnownFileType = sourcecode.swift; path = CopyEngine.swift; sourceTree = "<group>"; };
		77AB4061BECB32A5C0F26350 /* BehindThisForecastView.swift */ = {isa = PBXFileReference; lastKnownFileType = sourcecode.swift; path = BehindThisForecastView.swift; sourceTree = "<group>"; };
		7B078092D64F5C5D7AC7B6C1 /* EntitlementsService.swift */ = {isa = PBXFileReference; lastKnownFileType = sourcecode.swift; path = EntitlementsService.swift; sourceTree = "<group>"; };
		861F4409E3A5F962980D7B2E /* InsightsHeatmapSection.swift */ = {isa = PBXFileReference; lastKnownFileType = sourcecode.swift; path = InsightsHeatmapSection.swift; sourceTree = "<group>"; };
		887E0F168FD8290C58FFDA87 /* TodayView.swift */ = {isa = PBXFileReference; lastKnownFileType = sourcecode.swift; path = TodayView.swift; sourceTree = "<group>"; };
		89FC095E215D4EABD2332256 /* RemoteConfigTests.swift */ = {isa = PBXFileReference; lastKnownFileType = sourcecode.swift; path = RemoteConfigTests.swift; sourceTree = "<group>"; };
		8CB7A4A2D534E142CE71FDA9 /* AppEnv.swift */ = {isa = PBXFileReference; lastKnownFileType = sourcecode.swift; path = AppEnv.swift; sourceTree = "<group>"; };
		8D84C2E36FA13CA977D77446 /* TodayRangeView.swift */ = {isa = PBXFileReference; lastKnownFileType = sourcecode.swift; path = TodayRangeView.swift; sourceTree = "<group>"; };
		96B94FE74AD3150EBC06E885 /* AmbientSoundService.swift */ = {isa = PBXFileReference; lastKnownFileType = sourcecode.swift; path = AmbientSoundService.swift; sourceTree = "<group>"; };
		98DB3993C0CF6140C24B7388 /* HoroscopeStructured.swift */ = {isa = PBXFileReference; lastKnownFileType = sourcecode.swift; path = HoroscopeStructured.swift; sourceTree = "<group>"; };
		98E345CE91BAA352FFABDC62 /* TransitDiagramView.swift */ = {isa = PBXFileReference; lastKnownFileType = sourcecode.swift; path = TransitDiagramView.swift; sourceTree = "<group>"; };
		99088FFDF6AE6507637CFCA7 /* Typography.swift */ = {isa = PBXFileReference; lastKnownFileType = sourcecode.swift; path = Typography.swift; sourceTree = "<group>"; };
		9BFA543F810B15B3F844BCE2 /* AstroService.swift */ = {isa = PBXFileReference; lastKnownFileType = sourcecode.swift; path = AstroService.swift; sourceTree = "<group>"; };
		9CF93AAA997B4645833FF477 /* AstroIconButton.swift */ = {isa = PBXFileReference; lastKnownFileType = sourcecode.swift; path = AstroIconButton.swift; sourceTree = "<group>"; };
		9D0AC8CC3B4066313CFEFE20 /* DreamPattern.swift */ = {isa = PBXFileReference; lastKnownFileType = sourcecode.swift; path = DreamPattern.swift; sourceTree = "<group>"; };
		9D89B27499D5EFD3C5196B0D /* ResonanceServiceTests.swift */ = {isa = PBXFileReference; lastKnownFileType = sourcecode.swift; path = ResonanceServiceTests.swift; sourceTree = "<group>"; };
		9F6438CFC912BED768EC0C9B /* DreamlineTests.xctest */ = {isa = PBXFileReference; includeInIndex = 0; lastKnownFileType = wrapper.cfbundle; path = DreamlineTests.xctest; sourceTree = BUILT_PRODUCTS_DIR; };
		A14ADF2DA28CBC8074349E0D /* TodayStructuredView.swift */ = {isa = PBXFileReference; lastKnownFileType = sourcecode.swift; path = TodayStructuredView.swift; sourceTree = "<group>"; };
		A32ADC0D196DC4835745CE17 /* AuthService.swift */ = {isa = PBXFileReference; lastKnownFileType = sourcecode.swift; path = AuthService.swift; sourceTree = "<group>"; };
		A4996D980DFADEE9D1C0605C /* ConstellationStore.swift */ = {isa = PBXFileReference; lastKnownFileType = sourcecode.swift; path = ConstellationStore.swift; sourceTree = "<group>"; };
		A824CEB8FB20614385EAADE7 /* PaywallView.swift */ = {isa = PBXFileReference; lastKnownFileType = sourcecode.swift; path = PaywallView.swift; sourceTree = "<group>"; };
		AB87654B3D8F143BD3C568EE /* ProfileService.swift */ = {isa = PBXFileReference; lastKnownFileType = sourcecode.swift; path = ProfileService.swift; sourceTree = "<group>"; };
		AEDAD901BDCB3CA0756CBA2B /* HistorySummarizerTests.swift */ = {isa = PBXFileReference; lastKnownFileType = sourcecode.swift; path = HistorySummarizerTests.swift; sourceTree = "<group>"; };
		B1475F32409336714801E1C1 /* RemoteConfigService.swift */ = {isa = PBXFileReference; lastKnownFileType = sourcecode.swift; path = RemoteConfigService.swift; sourceTree = "<group>"; };
		B3FF3DDA91EF58FE6C4AB617 /* AppDelegate.swift */ = {isa = PBXFileReference; lastKnownFileType = sourcecode.swift; path = AppDelegate.swift; sourceTree = "<group>"; };
		B4B7E3A5E4A81C66376EA133 /* FeatureFlags.swift */ = {isa = PBXFileReference; lastKnownFileType = sourcecode.swift; path = FeatureFlags.swift; sourceTree = "<group>"; };
		B5D209B79FF222431A6092FC /* OracleChatService.swift */ = {isa = PBXFileReference; lastKnownFileType = sourcecode.swift; path = OracleChatService.swift; sourceTree = "<group>"; };
		B9D2352E0C1E6DCE6DF37D51 /* AstroAssetsExistTests.swift */ = {isa = PBXFileReference; lastKnownFileType = sourcecode.swift; path = AstroAssetsExistTests.swift; sourceTree = "<group>"; };
		BD0DDE559F74729D34E87944 /* AstroCatalog.swift */ = {isa = PBXFileReference; lastKnownFileType = sourcecode.swift; path = AstroCatalog.swift; sourceTree = "<group>"; };
		BF6B315DB4AC0448134C5ACD /* ZodiacSign.swift */ = {isa = PBXFileReference; lastKnownFileType = sourcecode.swift; path = ZodiacSign.swift; sourceTree = "<group>"; };
		C082D508A5BE853682686929 /* OracleShimmer.swift */ = {isa = PBXFileReference; lastKnownFileType = sourcecode.swift; path = OracleShimmer.swift; sourceTree = "<group>"; };
		C48689CF08F88CDAC666943D /* RootRouterView.swift */ = {isa = PBXFileReference; lastKnownFileType = sourcecode.swift; path = RootRouterView.swift; sourceTree = "<group>"; };
		C55CBCF145CD73D16EF2AAF1 /* OracleChatView.swift */ = {isa = PBXFileReference; lastKnownFileType = sourcecode.swift; path = OracleChatView.swift; sourceTree = "<group>"; };
		C628EAE28AA0A4A941ACF716 /* TodayRangeViewModel.swift */ = {isa = PBXFileReference; lastKnownFileType = sourcecode.swift; path = TodayRangeViewModel.swift; sourceTree = "<group>"; };
		C9FFAB1A7579463FED35BB73 /* UsageService.swift */ = {isa = PBXFileReference; lastKnownFileType = sourcecode.swift; path = UsageService.swift; sourceTree = "<group>"; };
		CFA0AD26C031A571A0135EE6 /* ContentView.swift */ = {isa = PBXFileReference; lastKnownFileType = sourcecode.swift; path = ContentView.swift; sourceTree = "<group>"; };
		D006DB938F0A71062F6DFB24 /* OracleSchemaTests.swift */ = {isa = PBXFileReference; lastKnownFileType = sourcecode.swift; path = OracleSchemaTests.swift; sourceTree = "<group>"; };
		D37481319B28DC7E1F017B47 /* NotificationService.swift */ = {isa = PBXFileReference; lastKnownFileType = sourcecode.swift; path = NotificationService.swift; sourceTree = "<group>"; };
		D41E3AE5D7CD6A912C26DB35 /* DreamlineApp.swift */ = {isa = PBXFileReference; lastKnownFileType = sourcecode.swift; path = DreamlineApp.swift; sourceTree = "<group>"; };
		D5133FA7FF9DABF20AFD0402 /* SymbolHeatmapView.swift */ = {isa = PBXFileReference; lastKnownFileType = sourcecode.swift; path = SymbolHeatmapView.swift; sourceTree = "<group>"; };
		D553A904BE255279105578BF /* SymbolExtractor.swift */ = {isa = PBXFileReference; lastKnownFileType = sourcecode.swift; path = SymbolExtractor.swift; sourceTree = "<group>"; };
		D7952A7530CCAF3525D0A80B /* ConstellationSpinner.swift */ = {isa = PBXFileReference; lastKnownFileType = sourcecode.swift; path = ConstellationSpinner.swift; sourceTree = "<group>"; };
		D7BF23FE386FF90AB3195484 /* EmbeddingServiceTests.swift */ = {isa = PBXFileReference; lastKnownFileType = sourcecode.swift; path = EmbeddingServiceTests.swift; sourceTree = "<group>"; };
		D98087626DB91A9B288047F8 /* Resonance.swift */ = {isa = PBXFileReference; lastKnownFileType = sourcecode.swift; path = Resonance.swift; sourceTree = "<group>"; };
		DA8A51D3FDCC9C7141D5AB65 /* TodayRangeViewModel+Resonance.swift */ = {isa = PBXFileReference; lastKnownFileType = sourcecode.swift; path = "TodayRangeViewModel+Resonance.swift"; sourceTree = "<group>"; };
		DB00E5FC10AF748766B3E08D /* DreamDetailView.swift */ = {isa = PBXFileReference; lastKnownFileType = sourcecode.swift; path = DreamDetailView.swift; sourceTree = "<group>"; };
		DC88815A42B90ED59801838F /* YourDayHeroCard.swift */ = {isa = PBXFileReference; lastKnownFileType = sourcecode.swift; path = YourDayHeroCard.swift; sourceTree = "<group>"; };
		E07790A9FE0B47C5A4AA6466 /* OracleService.swift */ = {isa = PBXFileReference; lastKnownFileType = sourcecode.swift; path = OracleService.swift; sourceTree = "<group>"; };
		E6E67FAEBC89A81C8E46D01A /* DreamStreakService.swift */ = {isa = PBXFileReference; lastKnownFileType = sourcecode.swift; path = DreamStreakService.swift; sourceTree = "<group>"; };
		EA63262E7068CBD5081F58F5 /* DreamEntry.swift */ = {isa = PBXFileReference; lastKnownFileType = sourcecode.swift; path = DreamEntry.swift; sourceTree = "<group>"; };
		EC462D5F73B89BB27784A984 /* ActionChips.swift */ = {isa = PBXFileReference; lastKnownFileType = sourcecode.swift; path = ActionChips.swift; sourceTree = "<group>"; };
		EF1D961E93D50208372F0A67 /* RemoteConfigDefaultsTests.swift */ = {isa = PBXFileReference; lastKnownFileType = sourcecode.swift; path = RemoteConfigDefaultsTests.swift; sourceTree = "<group>"; };
		F35098EE75E2D9A36590DFB6 /* AlignmentAheadPreview.swift */ = {isa = PBXFileReference; lastKnownFileType = sourcecode.swift; path = AlignmentAheadPreview.swift; sourceTree = "<group>"; };
		F364B5B852252478A372AFBD /* DeepReadGenerator.swift */ = {isa = PBXFileReference; lastKnownFileType = sourcecode.swift; path = DeepReadGenerator.swift; sourceTree = "<group>"; };
		F4DED2989C6F41B0D90DD0A5 /* SymbolExtractorTests.swift */ = {isa = PBXFileReference; lastKnownFileType = sourcecode.swift; path = SymbolExtractorTests.swift; sourceTree = "<group>"; };
		F6708ADB7D0E1E21AA637735 /* OnboardingFlow.swift */ = {isa = PBXFileReference; lastKnownFileType = sourcecode.swift; path = OnboardingFlow.swift; sourceTree = "<group>"; };
		F88E5B0CC7C479BE13D28766 /* SeasonalContentView.swift */ = {isa = PBXFileReference; lastKnownFileType = sourcecode.swift; path = SeasonalContentView.swift; sourceTree = "<group>"; };
		FA9B7662B2735339FEEF0035 /* RemoteConfigSnapshot.swift */ = {isa = PBXFileReference; lastKnownFileType = sourcecode.swift; path = RemoteConfigSnapshot.swift; sourceTree = "<group>"; };
		FAD2B9424D8419D895D3D464 /* LifeAreaRow.swift */ = {isa = PBXFileReference; lastKnownFileType = sourcecode.swift; path = LifeAreaRow.swift; sourceTree = "<group>"; };
		FAF0C4D94339B5C061B8087F /* OracleService+History.swift */ = {isa = PBXFileReference; lastKnownFileType = sourcecode.swift; path = "OracleService+History.swift"; sourceTree = "<group>"; };
		FB56FE877C53F1EF21E3E0E1 /* TranscriptionService.swift */ = {isa = PBXFileReference; lastKnownFileType = sourcecode.swift; path = TranscriptionService.swift; sourceTree = "<group>"; };
		FB853D90E0102838F0F5AF1E /* IAPIDs.swift */ = {isa = PBXFileReference; lastKnownFileType = sourcecode.swift; path = IAPIDs.swift; sourceTree = "<group>"; };
		FB8FCAAF460C3928C9A82B1D /* ConstellationCanvas.swift */ = {isa = PBXFileReference; lastKnownFileType = sourcecode.swift; path = ConstellationCanvas.swift; sourceTree = "<group>"; };
		FD1083DC6763C08039F9061A /* BestDaysView.swift */ = {isa = PBXFileReference; lastKnownFileType = sourcecode.swift; path = BestDaysView.swift; sourceTree = "<group>"; };
		FEA8C576AF8E38D2CBE3A1C6 /* .gitkeep */ = {isa = PBXFileReference; lastKnownFileType = text; path = .gitkeep; sourceTree = "<group>"; };
/* End PBXFileReference section */

/* Begin PBXFrameworksBuildPhase section */
		A600DA258CF16B9CDDAE20C8 /* Frameworks */ = {
			isa = PBXFrameworksBuildPhase;
			buildActionMask = 2147483647;
			files = (
				87B2A7A132C35BD6EC8AC881 /* FirebaseAuth in Frameworks */,
				1E650A1D4E257F57FAA59640 /* FirebaseFirestore in Frameworks */,
				867F4B148A814CB8CC2017AF /* FirebaseAnalytics in Frameworks */,
				F2E925FEDEB07CA9DCF0B298 /* FirebaseMessaging in Frameworks */,
				CFB5A5DB5C2A07D05E16FF9A /* FirebaseRemoteConfig in Frameworks */,
			);
			runOnlyForDeploymentPostprocessing = 0;
		};
/* End PBXFrameworksBuildPhase section */

/* Begin PBXGroup section */
		050E32805535E0D53AB4AB3E /* DesignSystem */ = {
			isa = PBXGroup;
			children = (
				2B801626EA2D4D15B0A98D01 /* Animations.swift */,
				1F251211FF73A6629D5FDD45 /* AssetImage.swift */,
				6BA486A9910ED3B90E59C850 /* ColorTokens.swift */,
				D7952A7530CCAF3525D0A80B /* ConstellationSpinner.swift */,
				6E3A7AE024B1F1B05AC5AF83 /* MagicEffects.swift */,
				C082D508A5BE853682686929 /* OracleShimmer.swift */,
				738C88E69026F7ECD6BAAAA1 /* Theme.swift */,
				0210D4A191E832AFC80267C4 /* ThemeService.swift */,
				99088FFDF6AE6507637CFCA7 /* Typography.swift */,
			);
			path = DesignSystem;
			sourceTree = "<group>";
		};
		07E839834A3E1D06F9EE98AA /* AI */ = {
			isa = PBXGroup;
			children = (
				A4996D980DFADEE9D1C0605C /* ConstellationStore.swift */,
				74D0EFDC0509307E8E9F9563 /* CopyEngine.swift */,
				28D0CB80DC9AA648A91D58EA /* EmbeddingService.swift */,
				E07790A9FE0B47C5A4AA6466 /* OracleService.swift */,
				FAF0C4D94339B5C061B8087F /* OracleService+History.swift */,
				509B285AACFAAACA11B67CF6 /* PromptBook.swift */,
				68C151CDD228236CC7035AF6 /* ResonanceService.swift */,
				FB56FE877C53F1EF21E3E0E1 /* TranscriptionService.swift */,
			);
			path = AI;
			sourceTree = "<group>";
		};
		2EA254B75EB213169CEFF28E /* Shared */ = {
			isa = PBXGroup;
			children = (
				5172B5B35B51DE35206089FC /* AnchorKey.swift */,
				CFA0AD26C031A571A0135EE6 /* ContentView.swift */,
				B4B7E3A5E4A81C66376EA133 /* FeatureFlags.swift */,
				C48689CF08F88CDAC666943D /* RootRouterView.swift */,
				A3494BF2B3F71A82272D1BF9 /* Config */,
				AEE10FA9425E0CBBE2781D53 /* Env */,
				69E0ECB0638AE31862041496 /* Extensions */,
				6F5372C9FFEB221E504FB4C1 /* Models */,
				C969CBD18820D2EB59DEB98C /* UI */,
			);
			path = Shared;
			sourceTree = "<group>";
		};
		446D930BA0C084218F3CFF70 /* Me */ = {
			isa = PBXGroup;
			children = (
				529C94BCCAB7E6CBA36FEA44 /* BirthDataEditorView.swift */,
				54C317807AF15F0F8C17F06F /* ProfileView.swift */,
			);
			path = Me;
			sourceTree = "<group>";
		};
		48CAB2EB499E858CB491D9A4 /* Insights */ = {
			isa = PBXGroup;
			children = (
				1115A5E72BC31D520A9E988B /* ConstellationView.swift */,
				66027D041FEEE34D4E8467B0 /* InsightsGate.swift */,
				861F4409E3A5F962980D7B2E /* InsightsHeatmapSection.swift */,
				4FCD0FAEC6BC42BF47BB7D4E /* InsightsView.swift */,
				D5133FA7FF9DABF20AFD0402 /* SymbolHeatmapView.swift */,
				43636F9B22F5306B1A2BF234 /* SymbolSeasonalityDetailView.swift */,
			);
			path = Insights;
			sourceTree = "<group>";
		};
		4A5C62B2DF6AF2A8C9074ED6 /* Monetization */ = {
			isa = PBXGroup;
			children = (
				A824CEB8FB20614385EAADE7 /* PaywallView.swift */,
				01DB66BC88E5AB7C6AB8D3CC /* StoreKitLayer.swift */,
			);
			path = Monetization;
			sourceTree = "<group>";
		};
		50A196FF7667C42F51A3D07F /* Products */ = {
			isa = PBXGroup;
			children = (
				37032F96872F6A7224C4582E /* Dreamline.app */,
				9F6438CFC912BED768EC0C9B /* DreamlineTests.xctest */,
			);
			name = Products;
			sourceTree = "<group>";
		};
		50FBA4079D82A1D279C13E77 /* Sources */ = {
			isa = PBXGroup;
			children = (
				62EABE4BE781CC2C4E82A18E /* README.md */,
				C303490D1D7A6FB836D4605E /* App */,
				DBAE2F7993F104BF63CC1687 /* AppIntents */,
				050E32805535E0D53AB4AB3E /* DesignSystem */,
				EB28A3D8397D669CCA5635AE /* Features */,
				4A5C62B2DF6AF2A8C9074ED6 /* Monetization */,
				A6B74643CBB0CF1B78E6D6EA /* Onboarding */,
				B9E9E896B80C9CCE4595418F /* Services */,
				2EA254B75EB213169CEFF28E /* Shared */,
			);
			path = Sources;
			sourceTree = "<group>";
		};
		602002DEC29E94209DFFBC9A /* Firestore */ = {
			isa = PBXGroup;
			children = (
				29AE82C180EEBF259A9DD9C2 /* FirebaseService.swift */,
			);
			path = Firestore;
			sourceTree = "<group>";
		};
		668D9BC944CA9B64C316C052 /* Calendar */ = {
			isa = PBXGroup;
			children = (
				1EC3FCFE202367BC39AF9CEB /* HoroscopeCalendarView.swift */,
			);
			path = Calendar;
			sourceTree = "<group>";
		};
		6968DFFB46F180BBCB652E2A /* Astro */ = {
			isa = PBXGroup;
			children = (
				BD0DDE559F74729D34E87944 /* AstroCatalog.swift */,
				723E6A52D7B333E782EE0FF6 /* AstroGlossary.swift */,
				9CF93AAA997B4645833FF477 /* AstroIconButton.swift */,
				9BFA543F810B15B3F844BCE2 /* AstroService.swift */,
			);
			path = Astro;
			sourceTree = "<group>";
		};
		69E0ECB0638AE31862041496 /* Extensions */ = {
			isa = PBXGroup;
			children = (
				0AB86A3FB53EA4AA7064087F /* Notifications.swift */,
			);
			path = Extensions;
			sourceTree = "<group>";
		};
		6F5372C9FFEB221E504FB4C1 /* Models */ = {
			isa = PBXGroup;
			children = (
				FEA8C576AF8E38D2CBE3A1C6 /* .gitkeep */,
				6CAEA38A41CB54C41CA4A40A /* BestDayInfo.swift */,
				EA63262E7068CBD5081F58F5 /* DreamEntry.swift */,
				9D0AC8CC3B4066313CFEFE20 /* DreamPattern.swift */,
				0FA95901157E09C41131C675 /* HoroscopeDaily.swift */,
				26D84B7B2FF4632DCB00AD53 /* HoroscopeRange.swift */,
				98DB3993C0CF6140C24B7388 /* HoroscopeStructured.swift */,
				D98087626DB91A9B288047F8 /* Resonance.swift */,
				BF6B315DB4AC0448134C5ACD /* ZodiacSign.swift */,
			);
			path = Models;
			sourceTree = "<group>";
		};
		6F547D0C373F3099162DEAFE /* Settings */ = {
			isa = PBXGroup;
			children = (
				5684A68BB0D71B684D645FF3 /* SettingsService.swift */,
			);
			path = Settings;
			sourceTree = "<group>";
		};
		7A37B31F8D9DFE48E87B17BD /* OracleChat */ = {
			isa = PBXGroup;
			children = (
				C55CBCF145CD73D16EF2AAF1 /* OracleChatView.swift */,
			);
			path = OracleChat;
			sourceTree = "<group>";
		};
		8FC56233D6AEBC1A6948AF4D /* Today */ = {
			isa = PBXGroup;
			children = (
				66B21FD8CECFFA3323B075A0 /* AccuracyFeedbackView.swift */,
				EC462D5F73B89BB27784A984 /* ActionChips.swift */,
				F35098EE75E2D9A36590DFB6 /* AlignmentAheadPreview.swift */,
				50152123CE6525F960C1FA90 /* AlignmentAheadTeaser.swift */,
				77AB4061BECB32A5C0F26350 /* BehindThisForecastView.swift */,
				42F3D8784B829FDFE209E3B3 /* BestDaysTeaser.swift */,
				FD1083DC6763C08039F9061A /* BestDaysView.swift */,
				62C5EC0BED0E43C602C41120 /* LifeAreaDetailView.swift */,
				FAD2B9424D8419D895D3D464 /* LifeAreaRow.swift */,
				6207F442AB09923F40F1984B /* ProBadge.swift */,
				62A3D5E30117D05DFB25CCA0 /* QuickReadInterpretationView.swift */,
				F88E5B0CC7C479BE13D28766 /* SeasonalContentView.swift */,
				2787221BD4EBD92E19A7D00D /* TodayLoadingView.swift */,
				3632BF117D79CF0FF54C0044 /* TodayPlanetStrip.swift */,
				8D84C2E36FA13CA977D77446 /* TodayRangeView.swift */,
				C628EAE28AA0A4A941ACF716 /* TodayRangeViewModel.swift */,
				DA8A51D3FDCC9C7141D5AB65 /* TodayRangeViewModel+Resonance.swift */,
				A14ADF2DA28CBC8074349E0D /* TodayStructuredView.swift */,
				887E0F168FD8290C58FFDA87 /* TodayView.swift */,
				4088626376277D9767BB486B /* TodayViewModel.swift */,
				98E345CE91BAA352FFABDC62 /* TransitDiagramView.swift */,
				DC88815A42B90ED59801838F /* YourDayHeroCard.swift */,
			);
			path = Today;
			sourceTree = "<group>";
		};
		926477020B5E01FE5D86A190 /* Auth */ = {
			isa = PBXGroup;
			children = (
				A32ADC0D196DC4835745CE17 /* AuthService.swift */,
			);
			path = Auth;
			sourceTree = "<group>";
		};
		92F333FD60DC2E59473BB319 /* Notifications */ = {
			isa = PBXGroup;
			children = (
				529E8FF6611032F53F615B44 /* PushService.swift */,
			);
			path = Notifications;
			sourceTree = "<group>";
		};
		9E88D2A0B156663BC7576BBF /* Billing */ = {
			isa = PBXGroup;
			children = (
				7B078092D64F5C5D7AC7B6C1 /* EntitlementsService.swift */,
			);
			path = Billing;
			sourceTree = "<group>";
		};
		A3494BF2B3F71A82272D1BF9 /* Config */ = {
			isa = PBXGroup;
			children = (
				251D4D9ABAB61BE6FA0E7ACD /* GoogleService-Info.plist */,
				089F554B62948C7C5D21CA1A /* ResonanceConfig.swift */,
			);
			path = Config;
			sourceTree = "<group>";
		};
		A69DF220908413CE11C0CF8E /* Observability */ = {
			isa = PBXGroup;
			children = (
				21F844C02397335DD8C8F420 /* DLAnalytics.swift */,
			);
			path = Observability;
			sourceTree = "<group>";
		};
		A6B74643CBB0CF1B78E6D6EA /* Onboarding */ = {
			isa = PBXGroup;
			children = (
				F6708ADB7D0E1E21AA637735 /* OnboardingFlow.swift */,
			);
			path = Onboarding;
			sourceTree = "<group>";
		};
		AE85689E934517EE1E19725B /* DreamlineTests */ = {
			isa = PBXGroup;
			children = (
				B9D2352E0C1E6DCE6DF37D51 /* AstroAssetsExistTests.swift */,
				D7BF23FE386FF90AB3195484 /* EmbeddingServiceTests.swift */,
				655C88AED253F685890DFBB6 /* GateTests.swift */,
				AEDAD901BDCB3CA0756CBA2B /* HistorySummarizerTests.swift */,
				D006DB938F0A71062F6DFB24 /* OracleSchemaTests.swift */,
				EF1D961E93D50208372F0A67 /* RemoteConfigDefaultsTests.swift */,
				89FC095E215D4EABD2332256 /* RemoteConfigTests.swift */,
				9D89B27499D5EFD3C5196B0D /* ResonanceServiceTests.swift */,
				F4DED2989C6F41B0D90DD0A5 /* SymbolExtractorTests.swift */,
			);
			path = DreamlineTests;
			sourceTree = "<group>";
		};
		AEE10FA9425E0CBBE2781D53 /* Env */ = {
			isa = PBXGroup;
			children = (
				8CB7A4A2D534E142CE71FDA9 /* AppEnv.swift */,
				FB853D90E0102838F0F5AF1E /* IAPIDs.swift */,
				5AFABC16E194ADC535588D8C /* QuickCaptureBridge.swift */,
			);
			path = Env;
			sourceTree = "<group>";
		};
		B43EABC73C08A77BE35AE41C = {
			isa = PBXGroup;
			children = (
				AE85689E934517EE1E19725B /* DreamlineTests */,
				DE2CD0D7C57C8DF24A8EFE06 /* Reports */,
				50FBA4079D82A1D279C13E77 /* Sources */,
				50A196FF7667C42F51A3D07F /* Products */,
			);
			sourceTree = "<group>";
		};
		B9E9E896B80C9CCE4595418F /* Services */ = {
			isa = PBXGroup;
			children = (
				21E60B9072239A340ADB490A /* AppLockService.swift */,
				568233B5D519B5E62BE515D9 /* DreamPatternService.swift */,
				E6E67FAEBC89A81C8E46D01A /* DreamStreakService.swift */,
				4C68F3255FA7EED401B88929 /* HistoryService.swift */,
				340011767851D63962304ED4 /* HoroscopeService.swift */,
				D37481319B28DC7E1F017B47 /* NotificationService.swift */,
				B5D209B79FF222431A6092FC /* OracleChatService.swift */,
				18FDA00CB44942507A760F3E /* OracleGate.swift */,
				31782B3F6C632ABDB67F449A /* PaywallService.swift */,
				AB87654B3D8F143BD3C568EE /* ProfileService.swift */,
				B1475F32409336714801E1C1 /* RemoteConfigService.swift */,
				FA9B7662B2735339FEEF0035 /* RemoteConfigSnapshot.swift */,
				C9FFAB1A7579463FED35BB73 /* UsageService.swift */,
				07E839834A3E1D06F9EE98AA /* AI */,
				6968DFFB46F180BBCB652E2A /* Astro */,
				BB3140D056E4F0D70C05534B /* Audio */,
				926477020B5E01FE5D86A190 /* Auth */,
				9E88D2A0B156663BC7576BBF /* Billing */,
				602002DEC29E94209DFFBC9A /* Firestore */,
				C1A38B9D3AE6C88DABA7EE5A /* NLP */,
				92F333FD60DC2E59473BB319 /* Notifications */,
				A69DF220908413CE11C0CF8E /* Observability */,
				6F547D0C373F3099162DEAFE /* Settings */,
			);
			path = Services;
			sourceTree = "<group>";
		};
		BB3140D056E4F0D70C05534B /* Audio */ = {
			isa = PBXGroup;
			children = (
				96B94FE74AD3150EBC06E885 /* AmbientSoundService.swift */,
				398EF054DACE29F26878BA0C /* VoiceRecorderService.swift */,
			);
			path = Audio;
			sourceTree = "<group>";
		};
		C1A38B9D3AE6C88DABA7EE5A /* NLP */ = {
			isa = PBXGroup;
			children = (
				D553A904BE255279105578BF /* SymbolExtractor.swift */,
			);
			path = NLP;
			sourceTree = "<group>";
		};
		C303490D1D7A6FB836D4605E /* App */ = {
			isa = PBXGroup;
			children = (
				B3FF3DDA91EF58FE6C4AB617 /* AppDelegate.swift */,
				D41E3AE5D7CD6A912C26DB35 /* DreamlineApp.swift */,
				459201AE97BF501D1B44C9F4 /* LaunchScreen.swift */,
			);
			path = App;
			sourceTree = "<group>";
		};
		C969CBD18820D2EB59DEB98C /* UI */ = {
			isa = PBXGroup;
			children = (
				0E699097854E4F3ACFF95AB0 /* Polish.swift */,
			);
			path = UI;
			sourceTree = "<group>";
		};
		DBAE2F7993F104BF63CC1687 /* AppIntents */ = {
			isa = PBXGroup;
			children = (
				32324A8E9CA14135389165C0 /* RecordDreamIntent.swift */,
			);
			path = AppIntents;
			sourceTree = "<group>";
		};
		DE2CD0D7C57C8DF24A8EFE06 /* Reports */ = {
			isa = PBXGroup;
			children = (
				F364B5B852252478A372AFBD /* DeepReadGenerator.swift */,
			);
			path = Reports;
			sourceTree = "<group>";
		};
		E960A1607EF8715A6768FDD4 /* Dreams */ = {
			isa = PBXGroup;
			children = (
				3ADCF73542DD9467DD55D017 /* DreamDetailExtras.swift */,
				50B27A75FF940DDA8063E1FE /* DreamDetailScreen.swift */,
				DB00E5FC10AF748766B3E08D /* DreamDetailView.swift */,
				06EA441B1A159BD5FE16FD39 /* DreamStore.swift */,
				10689D0F871FC145E2BF6685 /* InterpretButtonGate.swift */,
				25C436F5531E47A44992601D /* InterpretCoordinator.swift */,
				557A8B5B088EEAA529DE7C8E /* JournalView.swift */,
				25AEDB146923930B3320E920 /* QuickReadView.swift */,
			);
			path = Dreams;
			sourceTree = "<group>";
		};
		EA536B63B35D807476C98D77 /* Settings */ = {
			isa = PBXGroup;
			children = (
				73B92519A92C5836BB447CAF /* SettingsView.swift */,
			);
			path = Settings;
			sourceTree = "<group>";
		};
		EB28A3D8397D669CCA5635AE /* Features */ = {
			isa = PBXGroup;
			children = (
				668D9BC944CA9B64C316C052 /* Calendar */,
				EF11E86449BF23D5BCDBBDB0 /* Constellation */,
				E960A1607EF8715A6768FDD4 /* Dreams */,
				48CAB2EB499E858CB491D9A4 /* Insights */,
				446D930BA0C084218F3CFF70 /* Me */,
				7A37B31F8D9DFE48E87B17BD /* OracleChat */,
				EA536B63B35D807476C98D77 /* Settings */,
				8FC56233D6AEBC1A6948AF4D /* Today */,
			);
			path = Features;
			sourceTree = "<group>";
		};
		EF11E86449BF23D5BCDBBDB0 /* Constellation */ = {
			isa = PBXGroup;
			children = (
				FB8FCAAF460C3928C9A82B1D /* ConstellationCanvas.swift */,
				28C6E640392CFD0784669257 /* ConstellationPreview.swift */,
			);
			path = Constellation;
			sourceTree = "<group>";
		};
/* End PBXGroup section */

/* Begin PBXNativeTarget section */
		991281192E7A820C37BEE0F6 /* Dreamline */ = {
			isa = PBXNativeTarget;
			buildConfigurationList = 643C53B932DECE4FA3CF15C8 /* Build configuration list for PBXNativeTarget "Dreamline" */;
			buildPhases = (
				ECAC0A99918573687DC0713F /* Sources */,
				4FD829AAC38595821CB10002 /* Resources */,
				A600DA258CF16B9CDDAE20C8 /* Frameworks */,
			);
			buildRules = (
			);
			dependencies = (
			);
			name = Dreamline;
			packageProductDependencies = (
				B1A723C14C3A28AD9A7C5485 /* FirebaseAuth */,
				51153838FCC526CD33479F93 /* FirebaseFirestore */,
				E005C838A6E21C391E9C7DD7 /* FirebaseAnalytics */,
				2A27E80C677EC938346E464A /* FirebaseMessaging */,
				8C558025F22C54B074C96872 /* FirebaseRemoteConfig */,
			);
			productName = Dreamline;
			productReference = 37032F96872F6A7224C4582E /* Dreamline.app */;
			productType = "com.apple.product-type.application";
		};
		B6018F7BCB017443171A0872 /* DreamlineTests */ = {
			isa = PBXNativeTarget;
			buildConfigurationList = F02C314875E60DC7AC9ABC64 /* Build configuration list for PBXNativeTarget "DreamlineTests" */;
			buildPhases = (
				D55383A0287003ACF04CEB20 /* Sources */,
			);
			buildRules = (
			);
			dependencies = (
				29D11981FB8AC259DC66E18D /* PBXTargetDependency */,
			);
			name = DreamlineTests;
			packageProductDependencies = (
			);
			productName = DreamlineTests;
			productReference = 9F6438CFC912BED768EC0C9B /* DreamlineTests.xctest */;
			productType = "com.apple.product-type.bundle.unit-test";
		};
/* End PBXNativeTarget section */

/* Begin PBXProject section */
		A87DDBCBAE6FEAE27E71556D /* Project object */ = {
			isa = PBXProject;
			attributes = {
				BuildIndependentTargetsInParallel = YES;
				LastUpgradeCheck = 1430;
			};
			buildConfigurationList = 471AF548D0E2FA166DB0D79B /* Build configuration list for PBXProject "Dreamline" */;
			compatibilityVersion = "Xcode 14.0";
			developmentRegion = en;
			hasScannedForEncodings = 0;
			knownRegions = (
				Base,
				en,
			);
			mainGroup = B43EABC73C08A77BE35AE41C;
			minimizedProjectReferenceProxies = 1;
			packageReferences = (
				30C69CED65BC08B13AD1F6A9 /* XCRemoteSwiftPackageReference "firebase-ios-sdk" */,
			);
			projectDirPath = "";
			projectRoot = "";
			targets = (
				991281192E7A820C37BEE0F6 /* Dreamline */,
				B6018F7BCB017443171A0872 /* DreamlineTests */,
			);
		};
/* End PBXProject section */

/* Begin PBXResourcesBuildPhase section */
		4FD829AAC38595821CB10002 /* Resources */ = {
			isa = PBXResourcesBuildPhase;
			buildActionMask = 2147483647;
			files = (
				B63C2AC82E479B6E7B294702 /* GoogleService-Info.plist in Resources */,
				12DE67D82F51E7B68B722C32 /* README.md in Resources */,
			);
			runOnlyForDeploymentPostprocessing = 0;
		};
/* End PBXResourcesBuildPhase section */

/* Begin PBXSourcesBuildPhase section */
		D55383A0287003ACF04CEB20 /* Sources */ = {
			isa = PBXSourcesBuildPhase;
			buildActionMask = 2147483647;
			files = (
				40A1706036FB8B5F6AF6C08E /* AstroAssetsExistTests.swift in Sources */,
				EDBD2571986EA294130FB218 /* EmbeddingServiceTests.swift in Sources */,
				7A963D27087981067594C59A /* GateTests.swift in Sources */,
				A496513B265C9D08C3042F45 /* HistorySummarizerTests.swift in Sources */,
				F31A57DEC339F24A7B09166B /* OracleSchemaTests.swift in Sources */,
				CA7FD8E474EBBCFE2EF81D53 /* RemoteConfigDefaultsTests.swift in Sources */,
				E1FFA4F9DF4596EE8FF7689F /* RemoteConfigTests.swift in Sources */,
				52B7961706079538C4C1315A /* ResonanceServiceTests.swift in Sources */,
				111D26C4F5D40B93107B6AA4 /* SymbolExtractorTests.swift in Sources */,
			);
			runOnlyForDeploymentPostprocessing = 0;
		};
		ECAC0A99918573687DC0713F /* Sources */ = {
			isa = PBXSourcesBuildPhase;
			buildActionMask = 2147483647;
			files = (
				1D601B9F953B58103005FF13 /* AccuracyFeedbackView.swift in Sources */,
				206C50DD1730F36CD4C5B358 /* ActionChips.swift in Sources */,
				51D9B8465BA392C4582B2705 /* AlignmentAheadPreview.swift in Sources */,
				26ABDC86F382A2ADD26B389F /* AlignmentAheadTeaser.swift in Sources */,
				1BEC679BF131845A466BB8F9 /* AmbientSoundService.swift in Sources */,
				C01C0DB92261247FD9275C0D /* AnchorKey.swift in Sources */,
				09DAAF3CDE47C0C7EA39B1DC /* Animations.swift in Sources */,
				A847A3DC773226A07B122D0E /* AppDelegate.swift in Sources */,
				1B8B297B979698E24E895008 /* AppEnv.swift in Sources */,
				337D6CAD85882AFE166049DE /* AppLockService.swift in Sources */,
				8ADC8BC6DB0E9E01C6521F79 /* AssetImage.swift in Sources */,
				44FD48B77A92857261FCD677 /* AstroCatalog.swift in Sources */,
				012632559963C037148DFB2B /* AstroGlossary.swift in Sources */,
				43F84D5CC1E9E884109F787F /* AstroIconButton.swift in Sources */,
				FC4B07B8F8849A5064DDA29A /* AstroService.swift in Sources */,
				67A267233C3D270FAF54CC6C /* AuthService.swift in Sources */,
				9B10F4C32E9E00C026EAC340 /* BehindThisForecastView.swift in Sources */,
				6D73FA6DA2D836A6C499DD97 /* BestDayInfo.swift in Sources */,
				98BD496F1C2A8691809BA93E /* BestDaysTeaser.swift in Sources */,
				FE09777B1A9E2AE906CB519B /* BestDaysView.swift in Sources */,
				DCBA0EF40FF17D9352FA6C49 /* BirthDataEditorView.swift in Sources */,
				61626DA4ED5343D116CC4EC0 /* ColorTokens.swift in Sources */,
				1539DE8108F265A3B1B7FDD1 /* ConstellationCanvas.swift in Sources */,
				0A97B7395CE8094FCFD53F07 /* ConstellationPreview.swift in Sources */,
				5A5BB03F6E23B645DEC764F1 /* ConstellationSpinner.swift in Sources */,
				DDC59E26E9C19F8C0982D3A6 /* ConstellationStore.swift in Sources */,
				635464FF785C26754F456772 /* ConstellationView.swift in Sources */,
				74DE7A7EA110E04B88F04624 /* ContentView.swift in Sources */,
				DBCD129255DF0684E1A908E2 /* CopyEngine.swift in Sources */,
				6CADC6136D5BFB57D69C51A2 /* DLAnalytics.swift in Sources */,
				EE532EF1CD26802316CF2437 /* DeepReadGenerator.swift in Sources */,
				0AC0536EC58E209CCD2060CD /* DreamDetailExtras.swift in Sources */,
				CDD6557BCC6284E214FB1730 /* DreamDetailScreen.swift in Sources */,
				9613663DF8226ACB5021994B /* DreamDetailView.swift in Sources */,
				05358BFB70209254EA33A1D2 /* DreamEntry.swift in Sources */,
				7992224AEEB534A77B0BDBC9 /* DreamPattern.swift in Sources */,
				A94B71BB92A944CBE86A7250 /* DreamPatternService.swift in Sources */,
				4F6543490A8467B3CF905304 /* DreamStore.swift in Sources */,
				1B6E1DB9A32465BECA04EFC9 /* DreamStreakService.swift in Sources */,
				B9546E7F8E9BC63A4D23D07E /* DreamlineApp.swift in Sources */,
				C6011C5FD6AAFEAB4C0DDFF4 /* EmbeddingService.swift in Sources */,
				C7502F15DA5B50EA5B2EF99F /* EntitlementsService.swift in Sources */,
				B196BB7F6D5FB63A1AA6FA35 /* FeatureFlags.swift in Sources */,
				415952ABE53F5E81855815E6 /* FirebaseService.swift in Sources */,
				B9846C85E6593BF6EB5B9CA3 /* HistoryService.swift in Sources */,
				46687BA0BC22124F5EF0A5B2 /* HoroscopeCalendarView.swift in Sources */,
				7F6DF3495A916712E3202551 /* HoroscopeDaily.swift in Sources */,
				8E891396F66A0D5993836C1C /* HoroscopeRange.swift in Sources */,
				26A7B65773F40E00F0606BD3 /* HoroscopeService.swift in Sources */,
				0FDCAB533A4EE7EF0AB96EBF /* HoroscopeStructured.swift in Sources */,
				598E2B2205BACB28ED393E0D /* IAPIDs.swift in Sources */,
				327B5C8C870C1DC9944FBD66 /* InsightsGate.swift in Sources */,
				1F54F9B8144E3172F9902736 /* InsightsHeatmapSection.swift in Sources */,
				6060EA136A801F3766631452 /* InsightsView.swift in Sources */,
				96A1A27C25B9ECC912480FD2 /* InterpretButtonGate.swift in Sources */,
				E1D21F3D53B4EF74CF0937F3 /* InterpretCoordinator.swift in Sources */,
				5351F603D1A9D1A9D043D15B /* JournalView.swift in Sources */,
				D8D955F717D6F930C5682294 /* LaunchScreen.swift in Sources */,
				E546B5784D7399FBE6E9A597 /* LifeAreaDetailView.swift in Sources */,
				58A2741BEF73BE969DF165CA /* LifeAreaRow.swift in Sources */,
				46DC7C5E8187722CFF921A0E /* MagicEffects.swift in Sources */,
				9B19CF277A18B7E6C07E7DCA /* NotificationService.swift in Sources */,
				1C1F8082BD8EBF24AAF46190 /* Notifications.swift in Sources */,
				A4A5C4DF0140CC9F30F80CEE /* OnboardingFlow.swift in Sources */,
				5C94B184A404CB464C0253A8 /* OracleChatService.swift in Sources */,
				38505B412023F8F49F22BD6F /* OracleChatView.swift in Sources */,
				94E2BCFFB997D06DDBCC98B6 /* OracleGate.swift in Sources */,
				59F706127463A56A1CBFB5B5 /* OracleService+History.swift in Sources */,
				B32232A9AE9899A04406063A /* OracleService.swift in Sources */,
				EE135BDFFE01BF995CB47881 /* OracleShimmer.swift in Sources */,
				6291FE8B1270063769424AAF /* PaywallService.swift in Sources */,
				C34E429FAC9F6EAB6D60ED32 /* PaywallView.swift in Sources */,
				E348C6628090426257BDCD07 /* Polish.swift in Sources */,
				B889283D8B8C8007676D1ED6 /* ProBadge.swift in Sources */,
				61146BC3E954A52EF1564183 /* ProfileService.swift in Sources */,
				9BD282320C85AF5D1C35A3B0 /* ProfileView.swift in Sources */,
				F6BF6EDF5AC85FFD54748DE2 /* PromptBook.swift in Sources */,
				A7C2CB8E0C0F6F87B989947B /* PushService.swift in Sources */,
				6FEF07E474A0B3F789431C5A /* QuickCaptureBridge.swift in Sources */,
				3A80C8438FCFE9239B3ADBD5 /* QuickReadInterpretationView.swift in Sources */,
				200D30951D6B0E7BF2AFC79F /* QuickReadView.swift in Sources */,
				1E53A0F26843098A18DD2E32 /* RecordDreamIntent.swift in Sources */,
				68575162CA37B1BF0AEAC795 /* RemoteConfigService.swift in Sources */,
				E7802E9642B7BA6E2A7BE9FA /* RemoteConfigSnapshot.swift in Sources */,
				3AFDBD85195356A485F79D84 /* Resonance.swift in Sources */,
				019DC1D0112593671123622B /* ResonanceConfig.swift in Sources */,
				9508962D2B8E113424BC53E0 /* ResonanceService.swift in Sources */,
				744EB922E0A58060B050F457 /* RootRouterView.swift in Sources */,
				5B97E6407F9B2892CFE92886 /* SeasonalContentView.swift in Sources */,
				650CB1B1F4C164487183EBD4 /* SettingsService.swift in Sources */,
				BD6739216F6311C3F684DF76 /* SettingsView.swift in Sources */,
				DB33F80575DB1EBAFD287189 /* StoreKitLayer.swift in Sources */,
				B07234DE31905C50E563EB5F /* SymbolExtractor.swift in Sources */,
				9BCD454B0EC608388134C247 /* SymbolHeatmapView.swift in Sources */,
				DAF91D3AC3072E647348B6E8 /* SymbolSeasonalityDetailView.swift in Sources */,
				9C33E5ABEFF33AB3131490D0 /* Theme.swift in Sources */,
				9BBDEA2D11EAD59A9B38B358 /* ThemeService.swift in Sources */,
				A6223B81AB29B8021DE1C962 /* TodayLoadingView.swift in Sources */,
				05421E04D4B9E952D95139AE /* TodayPlanetStrip.swift in Sources */,
				D6E5EA57803D78C199994371 /* TodayRangeView.swift in Sources */,
				B93F2B91EA0B2A5FDA347B6A /* TodayRangeViewModel+Resonance.swift in Sources */,
				6867EC0414157062EC3E29A0 /* TodayRangeViewModel.swift in Sources */,
				EC38C1E2222F3AF5FC715CA8 /* TodayStructuredView.swift in Sources */,
				440C691717584556AD64B107 /* TodayView.swift in Sources */,
				7EFD863B0A1BD64765F88AC9 /* TodayViewModel.swift in Sources */,
				D145E9E89BAA769CC8043270 /* TranscriptionService.swift in Sources */,
				1B8548687E94A6E09F27FD61 /* TransitDiagramView.swift in Sources */,
				B8A97A59714A9C3A0ED914C1 /* Typography.swift in Sources */,
				AF9E5DB60B63139E38C1B398 /* UsageService.swift in Sources */,
				24568E9FA8F10BC3C59C6D4B /* VoiceRecorderService.swift in Sources */,
				EB338E2E2EBB86893F2D632C /* YourDayHeroCard.swift in Sources */,
				424434D6EEF9B0115050D107 /* ZodiacSign.swift in Sources */,
			);
			runOnlyForDeploymentPostprocessing = 0;
		};
/* End PBXSourcesBuildPhase section */

/* Begin PBXTargetDependency section */
		29D11981FB8AC259DC66E18D /* PBXTargetDependency */ = {
			isa = PBXTargetDependency;
			target = 991281192E7A820C37BEE0F6 /* Dreamline */;
			targetProxy = 10135AE035CA07456A45EBD3 /* PBXContainerItemProxy */;
		};
/* End PBXTargetDependency section */

/* Begin XCBuildConfiguration section */
		613AC8FF3D3CF7A0BA1527EA /* Debug */ = {
			isa = XCBuildConfiguration;
			buildSettings = {
				ASSETCATALOG_COMPILER_APPICON_NAME = AppIcon;
				CODE_SIGN_IDENTITY = "iPhone Developer";
				DEVELOPMENT_TEAM = P3MNVS9Z4U;
				INFOPLIST_FILE = Info.plist;
				IPHONEOS_DEPLOYMENT_TARGET = 17.0;
				LD_RUNPATH_SEARCH_PATHS = (
					"$(inherited)",
					"@executable_path/Frameworks",
				);
				OTHER_SWIFT_FLAGS = "-warnings-as-errors";
				PRODUCT_BUNDLE_IDENTIFIER = com.example.dreamline;
				SDKROOT = iphoneos;
				TARGETED_DEVICE_FAMILY = "1,2";
			};
			name = Debug;
		};
		6F5F156042A4E467EC3F7E6A /* Release */ = {
			isa = XCBuildConfiguration;
			buildSettings = {
				ALWAYS_SEARCH_USER_PATHS = NO;
				CLANG_ANALYZER_NONNULL = YES;
				CLANG_ANALYZER_NUMBER_OBJECT_CONVERSION = YES_AGGRESSIVE;
				CLANG_CXX_LANGUAGE_STANDARD = "gnu++14";
				CLANG_CXX_LIBRARY = "libc++";
				CLANG_ENABLE_MODULES = YES;
				CLANG_ENABLE_OBJC_ARC = YES;
				CLANG_ENABLE_OBJC_WEAK = YES;
				CLANG_WARN_BLOCK_CAPTURE_AUTORELEASING = YES;
				CLANG_WARN_BOOL_CONVERSION = YES;
				CLANG_WARN_COMMA = YES;
				CLANG_WARN_CONSTANT_CONVERSION = YES;
				CLANG_WARN_DEPRECATED_OBJC_IMPLEMENTATIONS = YES;
				CLANG_WARN_DIRECT_OBJC_ISA_USAGE = YES_ERROR;
				CLANG_WARN_DOCUMENTATION_COMMENTS = YES;
				CLANG_WARN_EMPTY_BODY = YES;
				CLANG_WARN_ENUM_CONVERSION = YES;
				CLANG_WARN_INFINITE_RECURSION = YES;
				CLANG_WARN_INT_CONVERSION = YES;
				CLANG_WARN_NON_LITERAL_NULL_CONVERSION = YES;
				CLANG_WARN_OBJC_IMPLICIT_RETAIN_SELF = YES;
				CLANG_WARN_OBJC_LITERAL_CONVERSION = YES;
				CLANG_WARN_OBJC_ROOT_CLASS = YES_ERROR;
				CLANG_WARN_QUOTED_INCLUDE_IN_FRAMEWORK_HEADER = YES;
				CLANG_WARN_RANGE_LOOP_ANALYSIS = YES;
				CLANG_WARN_STRICT_PROTOTYPES = YES;
				CLANG_WARN_SUSPICIOUS_MOVE = YES;
				CLANG_WARN_UNGUARDED_AVAILABILITY = YES_AGGRESSIVE;
				CLANG_WARN_UNREACHABLE_CODE = YES;
				CLANG_WARN__DUPLICATE_METHOD_MATCH = YES;
				COPY_PHASE_STRIP = NO;
				DEBUG_INFORMATION_FORMAT = "dwarf-with-dsym";
				ENABLE_NS_ASSERTIONS = NO;
				ENABLE_STRICT_OBJC_MSGSEND = YES;
				GCC_C_LANGUAGE_STANDARD = gnu11;
				GCC_NO_COMMON_BLOCKS = YES;
				GCC_WARN_64_TO_32_BIT_CONVERSION = YES;
				GCC_WARN_ABOUT_RETURN_TYPE = YES_ERROR;
				GCC_WARN_UNDECLARED_SELECTOR = YES;
				GCC_WARN_UNINITIALIZED_AUTOS = YES_AGGRESSIVE;
				GCC_WARN_UNUSED_FUNCTION = YES;
				GCC_WARN_UNUSED_VARIABLE = YES;
				IPHONEOS_DEPLOYMENT_TARGET = 17.0;
				MTL_ENABLE_DEBUG_INFO = NO;
				MTL_FAST_MATH = YES;
				PRODUCT_NAME = "$(TARGET_NAME)";
				SDKROOT = iphoneos;
				SWIFT_COMPILATION_MODE = wholemodule;
				SWIFT_OPTIMIZATION_LEVEL = "-O";
				SWIFT_VERSION = 5.0;
			};
			name = Release;
		};
		6FA72CCCA83FE647AB2D6D4B /* Debug */ = {
			isa = XCBuildConfiguration;
			buildSettings = {
				BUNDLE_LOADER = "$(TEST_HOST)";
				IPHONEOS_DEPLOYMENT_TARGET = 17.0;
				LD_RUNPATH_SEARCH_PATHS = (
					"$(inherited)",
					"@executable_path/Frameworks",
					"@loader_path/Frameworks",
				);
				OTHER_SWIFT_FLAGS = "-warnings-as-errors";
				PRODUCT_BUNDLE_IDENTIFIER = com.example.dreamlineTests;
				SDKROOT = iphoneos;
				TARGETED_DEVICE_FAMILY = "1,2";
				TEST_HOST = "$(BUILT_PRODUCTS_DIR)/Dreamline.app/Dreamline";
			};
			name = Debug;
		};
		7A8AD6CA8D320AF3DE304FED /* Release */ = {
			isa = XCBuildConfiguration;
			buildSettings = {
				ASSETCATALOG_COMPILER_APPICON_NAME = AppIcon;
				CODE_SIGN_IDENTITY = "iPhone Developer";
				INFOPLIST_FILE = Info.plist;
				IPHONEOS_DEPLOYMENT_TARGET = 17.0;
				LD_RUNPATH_SEARCH_PATHS = (
					"$(inherited)",
					"@executable_path/Frameworks",
				);
				OTHER_SWIFT_FLAGS = "-warnings-as-errors";
				PRODUCT_BUNDLE_IDENTIFIER = com.example.dreamline;
				SDKROOT = iphoneos;
				TARGETED_DEVICE_FAMILY = "1,2";
			};
			name = Release;
		};
		9BAC17F8EFBE0B4E965D0A3F /* Debug */ = {
			isa = XCBuildConfiguration;
			buildSettings = {
				ALWAYS_SEARCH_USER_PATHS = NO;
				CLANG_ANALYZER_NONNULL = YES;
				CLANG_ANALYZER_NUMBER_OBJECT_CONVERSION = YES_AGGRESSIVE;
				CLANG_CXX_LANGUAGE_STANDARD = "gnu++14";
				CLANG_CXX_LIBRARY = "libc++";
				CLANG_ENABLE_MODULES = YES;
				CLANG_ENABLE_OBJC_ARC = YES;
				CLANG_ENABLE_OBJC_WEAK = YES;
				CLANG_WARN_BLOCK_CAPTURE_AUTORELEASING = YES;
				CLANG_WARN_BOOL_CONVERSION = YES;
				CLANG_WARN_COMMA = YES;
				CLANG_WARN_CONSTANT_CONVERSION = YES;
				CLANG_WARN_DEPRECATED_OBJC_IMPLEMENTATIONS = YES;
				CLANG_WARN_DIRECT_OBJC_ISA_USAGE = YES_ERROR;
				CLANG_WARN_DOCUMENTATION_COMMENTS = YES;
				CLANG_WARN_EMPTY_BODY = YES;
				CLANG_WARN_ENUM_CONVERSION = YES;
				CLANG_WARN_INFINITE_RECURSION = YES;
				CLANG_WARN_INT_CONVERSION = YES;
				CLANG_WARN_NON_LITERAL_NULL_CONVERSION = YES;
				CLANG_WARN_OBJC_IMPLICIT_RETAIN_SELF = YES;
				CLANG_WARN_OBJC_LITERAL_CONVERSION = YES;
				CLANG_WARN_OBJC_ROOT_CLASS = YES_ERROR;
				CLANG_WARN_QUOTED_INCLUDE_IN_FRAMEWORK_HEADER = YES;
				CLANG_WARN_RANGE_LOOP_ANALYSIS = YES;
				CLANG_WARN_STRICT_PROTOTYPES = YES;
				CLANG_WARN_SUSPICIOUS_MOVE = YES;
				CLANG_WARN_UNGUARDED_AVAILABILITY = YES_AGGRESSIVE;
				CLANG_WARN_UNREACHABLE_CODE = YES;
				CLANG_WARN__DUPLICATE_METHOD_MATCH = YES;
				COPY_PHASE_STRIP = NO;
				DEBUG_INFORMATION_FORMAT = dwarf;
				ENABLE_STRICT_OBJC_MSGSEND = YES;
				ENABLE_TESTABILITY = YES;
				GCC_C_LANGUAGE_STANDARD = gnu11;
				GCC_DYNAMIC_NO_PIC = NO;
				GCC_NO_COMMON_BLOCKS = YES;
				GCC_OPTIMIZATION_LEVEL = 0;
				GCC_PREPROCESSOR_DEFINITIONS = (
					"$(inherited)",
					"DEBUG=1",
				);
				GCC_WARN_64_TO_32_BIT_CONVERSION = YES;
				GCC_WARN_ABOUT_RETURN_TYPE = YES_ERROR;
				GCC_WARN_UNDECLARED_SELECTOR = YES;
				GCC_WARN_UNINITIALIZED_AUTOS = YES_AGGRESSIVE;
				GCC_WARN_UNUSED_FUNCTION = YES;
				GCC_WARN_UNUSED_VARIABLE = YES;
				IPHONEOS_DEPLOYMENT_TARGET = 17.0;
				MTL_ENABLE_DEBUG_INFO = INCLUDE_SOURCE;
				MTL_FAST_MATH = YES;
				ONLY_ACTIVE_ARCH = YES;
				PRODUCT_NAME = "$(TARGET_NAME)";
				SDKROOT = iphoneos;
				SWIFT_ACTIVE_COMPILATION_CONDITIONS = DEBUG;
				SWIFT_OPTIMIZATION_LEVEL = "-Onone";
				SWIFT_VERSION = 5.0;
			};
			name = Debug;
		};
		B62E836A8B0DFC792C7A37D0 /* Release */ = {
			isa = XCBuildConfiguration;
			buildSettings = {
				BUNDLE_LOADER = "$(TEST_HOST)";
				IPHONEOS_DEPLOYMENT_TARGET = 17.0;
				LD_RUNPATH_SEARCH_PATHS = (
					"$(inherited)",
					"@executable_path/Frameworks",
					"@loader_path/Frameworks",
				);
				OTHER_SWIFT_FLAGS = "-warnings-as-errors";
				PRODUCT_BUNDLE_IDENTIFIER = com.example.dreamlineTests;
				SDKROOT = iphoneos;
				TARGETED_DEVICE_FAMILY = "1,2";
				TEST_HOST = "$(BUILT_PRODUCTS_DIR)/Dreamline.app/Dreamline";
			};
			name = Release;
		};
/* End XCBuildConfiguration section */

/* Begin XCConfigurationList section */
		471AF548D0E2FA166DB0D79B /* Build configuration list for PBXProject "Dreamline" */ = {
			isa = XCConfigurationList;
			buildConfigurations = (
				9BAC17F8EFBE0B4E965D0A3F /* Debug */,
				6F5F156042A4E467EC3F7E6A /* Release */,
			);
			defaultConfigurationIsVisible = 0;
			defaultConfigurationName = Debug;
		};
		643C53B932DECE4FA3CF15C8 /* Build configuration list for PBXNativeTarget "Dreamline" */ = {
			isa = XCConfigurationList;
			buildConfigurations = (
				613AC8FF3D3CF7A0BA1527EA /* Debug */,
				7A8AD6CA8D320AF3DE304FED /* Release */,
			);
			defaultConfigurationIsVisible = 0;
			defaultConfigurationName = Debug;
		};
		F02C314875E60DC7AC9ABC64 /* Build configuration list for PBXNativeTarget "DreamlineTests" */ = {
			isa = XCConfigurationList;
			buildConfigurations = (
				6FA72CCCA83FE647AB2D6D4B /* Debug */,
				B62E836A8B0DFC792C7A37D0 /* Release */,
			);
			defaultConfigurationIsVisible = 0;
			defaultConfigurationName = Debug;
		};
/* End XCConfigurationList section */

/* Begin XCRemoteSwiftPackageReference section */
		30C69CED65BC08B13AD1F6A9 /* XCRemoteSwiftPackageReference "firebase-ios-sdk" */ = {
			isa = XCRemoteSwiftPackageReference;
			repositoryURL = "https://github.com/firebase/firebase-ios-sdk";
			requirement = {
				kind = upToNextMajorVersion;
				minimumVersion = 11.0.0;
			};
		};
/* End XCRemoteSwiftPackageReference section */

/* Begin XCSwiftPackageProductDependency section */
		2A27E80C677EC938346E464A /* FirebaseMessaging */ = {
			isa = XCSwiftPackageProductDependency;
			package = 30C69CED65BC08B13AD1F6A9 /* XCRemoteSwiftPackageReference "firebase-ios-sdk" */;
			productName = FirebaseMessaging;
		};
		51153838FCC526CD33479F93 /* FirebaseFirestore */ = {
			isa = XCSwiftPackageProductDependency;
			package = 30C69CED65BC08B13AD1F6A9 /* XCRemoteSwiftPackageReference "firebase-ios-sdk" */;
			productName = FirebaseFirestore;
		};
		8C558025F22C54B074C96872 /* FirebaseRemoteConfig */ = {
			isa = XCSwiftPackageProductDependency;
			package = 30C69CED65BC08B13AD1F6A9 /* XCRemoteSwiftPackageReference "firebase-ios-sdk" */;
			productName = FirebaseRemoteConfig;
		};
		B1A723C14C3A28AD9A7C5485 /* FirebaseAuth */ = {
			isa = XCSwiftPackageProductDependency;
			package = 30C69CED65BC08B13AD1F6A9 /* XCRemoteSwiftPackageReference "firebase-ios-sdk" */;
			productName = FirebaseAuth;
		};
		E005C838A6E21C391E9C7DD7 /* FirebaseAnalytics */ = {
			isa = XCSwiftPackageProductDependency;
			package = 30C69CED65BC08B13AD1F6A9 /* XCRemoteSwiftPackageReference "firebase-ios-sdk" */;
			productName = FirebaseAnalytics;
		};
/* End XCSwiftPackageProductDependency section */
	};
	rootObject = A87DDBCBAE6FEAE27E71556D /* Project object */;
}
